// !$*UTF8*$!
{
	archiveVersion = 1;
	classes = {
	};
	objectVersion = 56;
	objects = {

/* Begin PBXBuildFile section */
		15A539D428E5F843000A3807 /* AppDelegate.swift in Sources */ = {isa = PBXBuildFile; fileRef = 15A539D328E5F843000A3807 /* AppDelegate.swift */; };
		15A539D628E5F843000A3807 /* SceneDelegate.swift in Sources */ = {isa = PBXBuildFile; fileRef = 15A539D528E5F843000A3807 /* SceneDelegate.swift */; };
		15A539D828E5F843000A3807 /* ViewController.swift in Sources */ = {isa = PBXBuildFile; fileRef = 15A539D728E5F843000A3807 /* ViewController.swift */; };
		15A539DB28E5F843000A3807 /* Main.storyboard in Resources */ = {isa = PBXBuildFile; fileRef = 15A539D928E5F843000A3807 /* Main.storyboard */; };
		15A539DD28E5F844000A3807 /* Assets.xcassets in Resources */ = {isa = PBXBuildFile; fileRef = 15A539DC28E5F844000A3807 /* Assets.xcassets */; };
		15A539E028E5F844000A3807 /* LaunchScreen.storyboard in Resources */ = {isa = PBXBuildFile; fileRef = 15A539DE28E5F844000A3807 /* LaunchScreen.storyboard */; };
		15A53A0028E7C383000A3807 /* FeedController.swift in Sources */ = {isa = PBXBuildFile; fileRef = 15A539FA28E7C383000A3807 /* FeedController.swift */; };
		15A53A0128E7C383000A3807 /* ImageSelectorController.swift in Sources */ = {isa = PBXBuildFile; fileRef = 15A539FB28E7C383000A3807 /* ImageSelectorController.swift */; };
		15A53A0228E7C383000A3807 /* SearchController.swift in Sources */ = {isa = PBXBuildFile; fileRef = 15A539FC28E7C383000A3807 /* SearchController.swift */; };
		15A53A0328E7C383000A3807 /* ProfileController.swift in Sources */ = {isa = PBXBuildFile; fileRef = 15A539FD28E7C383000A3807 /* ProfileController.swift */; };
		15A53A0428E7C383000A3807 /* NotificationsController.swift in Sources */ = {isa = PBXBuildFile; fileRef = 15A539FE28E7C383000A3807 /* NotificationsController.swift */; };
		15A53A0528E7C383000A3807 /* MainHomeTabController.swift in Sources */ = {isa = PBXBuildFile; fileRef = 15A539FF28E7C383000A3807 /* MainHomeTabController.swift */; };
/* End PBXBuildFile section */

/* Begin PBXFileReference section */
		15A539D028E5F843000A3807 /* Instagram.app */ = {isa = PBXFileReference; explicitFileType = wrapper.application; includeInIndex = 0; path = Instagram.app; sourceTree = BUILT_PRODUCTS_DIR; };
		15A539D328E5F843000A3807 /* AppDelegate.swift */ = {isa = PBXFileReference; lastKnownFileType = sourcecode.swift; path = AppDelegate.swift; sourceTree = "<group>"; };
		15A539D528E5F843000A3807 /* SceneDelegate.swift */ = {isa = PBXFileReference; lastKnownFileType = sourcecode.swift; path = SceneDelegate.swift; sourceTree = "<group>"; };
		15A539D728E5F843000A3807 /* ViewController.swift */ = {isa = PBXFileReference; lastKnownFileType = sourcecode.swift; path = ViewController.swift; sourceTree = "<group>"; };
		15A539DA28E5F843000A3807 /* Base */ = {isa = PBXFileReference; lastKnownFileType = file.storyboard; name = Base; path = Base.lproj/Main.storyboard; sourceTree = "<group>"; };
		15A539DC28E5F844000A3807 /* Assets.xcassets */ = {isa = PBXFileReference; lastKnownFileType = folder.assetcatalog; path = Assets.xcassets; sourceTree = "<group>"; };
		15A539DF28E5F844000A3807 /* Base */ = {isa = PBXFileReference; lastKnownFileType = file.storyboard; name = Base; path = Base.lproj/LaunchScreen.storyboard; sourceTree = "<group>"; };
		15A539E128E5F844000A3807 /* Info.plist */ = {isa = PBXFileReference; lastKnownFileType = text.plist.xml; path = Info.plist; sourceTree = "<group>"; };
		15A539FA28E7C383000A3807 /* FeedController.swift */ = {isa = PBXFileReference; fileEncoding = 4; lastKnownFileType = sourcecode.swift; path = FeedController.swift; sourceTree = "<group>"; };
		15A539FB28E7C383000A3807 /* ImageSelectorController.swift */ = {isa = PBXFileReference; fileEncoding = 4; lastKnownFileType = sourcecode.swift; path = ImageSelectorController.swift; sourceTree = "<group>"; };
		15A539FC28E7C383000A3807 /* SearchController.swift */ = {isa = PBXFileReference; fileEncoding = 4; lastKnownFileType = sourcecode.swift; path = SearchController.swift; sourceTree = "<group>"; };
		15A539FD28E7C383000A3807 /* ProfileController.swift */ = {isa = PBXFileReference; fileEncoding = 4; lastKnownFileType = sourcecode.swift; path = ProfileController.swift; sourceTree = "<group>"; };
		15A539FE28E7C383000A3807 /* NotificationsController.swift */ = {isa = PBXFileReference; fileEncoding = 4; lastKnownFileType = sourcecode.swift; path = NotificationsController.swift; sourceTree = "<group>"; };
		15A539FF28E7C383000A3807 /* MainHomeTabController.swift */ = {isa = PBXFileReference; fileEncoding = 4; lastKnownFileType = sourcecode.swift; path = MainHomeTabController.swift; sourceTree = "<group>"; };
/* End PBXFileReference section */

/* Begin PBXFrameworksBuildPhase section */
		15A539CD28E5F843000A3807 /* Frameworks */ = {
			isa = PBXFrameworksBuildPhase;
			buildActionMask = 2147483647;
			files = (
			);
			runOnlyForDeploymentPostprocessing = 0;
		};
/* End PBXFrameworksBuildPhase section */

/* Begin PBXGroup section */
		15A539C728E5F843000A3807 = {
			isa = PBXGroup;
			children = (
				15A539D228E5F843000A3807 /* Instagram */,
				15A539D128E5F843000A3807 /* Products */,
			);
			sourceTree = "<group>";
		};
		15A539D128E5F843000A3807 /* Products */ = {
			isa = PBXGroup;
			children = (
				15A539D028E5F843000A3807 /* Instagram.app */,
			);
			name = Products;
			sourceTree = "<group>";
		};
		15A539D228E5F843000A3807 /* Instagram */ = {
			isa = PBXGroup;
			children = (
				15A539F928E7C383000A3807 /* Controller */,
				15A539EC28E5F943000A3807 /* Model */,
				15A539EB28E5F93E000A3807 /* View */,
				15A539EA28E5F932000A3807 /* ViewModel */,
				15A539E828E5F931000A3807 /* API */,
				15A539E728E5F924000A3807 /* Utils */,
				15A539D328E5F843000A3807 /* AppDelegate.swift */,
				15A539D528E5F843000A3807 /* SceneDelegate.swift */,
				15A539D728E5F843000A3807 /* ViewController.swift */,
				15A539D928E5F843000A3807 /* Main.storyboard */,
				15A539DC28E5F844000A3807 /* Assets.xcassets */,
				15A539DE28E5F844000A3807 /* LaunchScreen.storyboard */,
				15A539E128E5F844000A3807 /* Info.plist */,
			);
			path = Instagram;
			sourceTree = "<group>";
		};
		15A539E728E5F924000A3807 /* Utils */ = {
			isa = PBXGroup;
			children = (
			);
			path = Utils;
			sourceTree = "<group>";
		};
		15A539E828E5F931000A3807 /* API */ = {
			isa = PBXGroup;
			children = (
			);
			path = API;
			sourceTree = "<group>";
		};
		15A539EA28E5F932000A3807 /* ViewModel */ = {
			isa = PBXGroup;
			children = (
			);
			name = ViewModel;
			path = "New Group1/New Group/ViewModel";
			sourceTree = "<group>";
		};
		15A539EB28E5F93E000A3807 /* View */ = {
			isa = PBXGroup;
			children = (
			);
			path = View;
			sourceTree = "<group>";
		};
		15A539EC28E5F943000A3807 /* Model */ = {
			isa = PBXGroup;
			children = (
			);
			path = Model;
			sourceTree = "<group>";
		};
		15A539F928E7C383000A3807 /* Controller */ = {
			isa = PBXGroup;
			children = (
				15A539FA28E7C383000A3807 /* FeedController.swift */,
				15A539FB28E7C383000A3807 /* ImageSelectorController.swift */,
				15A539FC28E7C383000A3807 /* SearchController.swift */,
				15A539FD28E7C383000A3807 /* ProfileController.swift */,
				15A539FE28E7C383000A3807 /* NotificationsController.swift */,
				15A539FF28E7C383000A3807 /* MainHomeTabController.swift */,
			);
			path = Controller;
			sourceTree = "<group>";
		};
/* End PBXGroup section */

/* Begin PBXNativeTarget section */
		15A539CF28E5F843000A3807 /* Instagram */ = {
			isa = PBXNativeTarget;
			buildConfigurationList = 15A539E428E5F844000A3807 /* Build configuration list for PBXNativeTarget "Instagram" */;
			buildPhases = (
				15A539CC28E5F843000A3807 /* Sources */,
				15A539CD28E5F843000A3807 /* Frameworks */,
				15A539CE28E5F843000A3807 /* Resources */,
			);
			buildRules = (
			);
			dependencies = (
			);
			name = Instagram;
			productName = Instagram;
			productReference = 15A539D028E5F843000A3807 /* Instagram.app */;
			productType = "com.apple.product-type.application";
		};
/* End PBXNativeTarget section */

/* Begin PBXProject section */
		15A539C828E5F843000A3807 /* Project object */ = {
			isa = PBXProject;
			attributes = {
				BuildIndependentTargetsInParallel = 1;
				LastSwiftUpdateCheck = 1400;
				LastUpgradeCheck = 1400;
				TargetAttributes = {
					15A539CF28E5F843000A3807 = {
						CreatedOnToolsVersion = 14.0.1;
					};
				};
			};
			buildConfigurationList = 15A539CB28E5F843000A3807 /* Build configuration list for PBXProject "Instagram" */;
			compatibilityVersion = "Xcode 14.0";
			developmentRegion = en;
			hasScannedForEncodings = 0;
			knownRegions = (
				en,
				Base,
			);
			mainGroup = 15A539C728E5F843000A3807;
			productRefGroup = 15A539D128E5F843000A3807 /* Products */;
			projectDirPath = "";
			projectRoot = "";
			targets = (
				15A539CF28E5F843000A3807 /* Instagram */,
			);
		};
/* End PBXProject section */

/* Begin PBXResourcesBuildPhase section */
		15A539CE28E5F843000A3807 /* Resources */ = {
			isa = PBXResourcesBuildPhase;
			buildActionMask = 2147483647;
			files = (
				15A539E028E5F844000A3807 /* LaunchScreen.storyboard in Resources */,
				15A539DD28E5F844000A3807 /* Assets.xcassets in Resources */,
				15A539DB28E5F843000A3807 /* Main.storyboard in Resources */,
			);
			runOnlyForDeploymentPostprocessing = 0;
		};
/* End PBXResourcesBuildPhase section */

/* Begin PBXSourcesBuildPhase section */
		15A539CC28E5F843000A3807 /* Sources */ = {
			isa = PBXSourcesBuildPhase;
			buildActionMask = 2147483647;
			files = (
				15A53A0128E7C383000A3807 /* ImageSelectorController.swift in Sources */,
				15A539D828E5F843000A3807 /* ViewController.swift in Sources */,
				15A53A0528E7C383000A3807 /* MainHomeTabController.swift in Sources */,
				15A53A0428E7C383000A3807 /* NotificationsController.swift in Sources */,
				15A539D428E5F843000A3807 /* AppDelegate.swift in Sources */,
				15A53A0328E7C383000A3807 /* ProfileController.swift in Sources */,
				15A53A0228E7C383000A3807 /* SearchController.swift in Sources */,
				15A53A0028E7C383000A3807 /* FeedController.swift in Sources */,
				15A539D628E5F843000A3807 /* SceneDelegate.swift in Sources */,
			);
			runOnlyForDeploymentPostprocessing = 0;
		};
/* End PBXSourcesBuildPhase section */

/* Begin PBXVariantGroup section */
		15A539D928E5F843000A3807 /* Main.storyboard */ = {
			isa = PBXVariantGroup;
			children = (
				15A539DA28E5F843000A3807 /* Base */,
			);
			name = Main.storyboard;
			sourceTree = "<group>";
		};
		15A539DE28E5F844000A3807 /* LaunchScreen.storyboard */ = {
			isa = PBXVariantGroup;
			children = (
				15A539DF28E5F844000A3807 /* Base */,
			);
			name = LaunchScreen.storyboard;
			sourceTree = "<group>";
		};
/* End PBXVariantGroup section */

/* Begin XCBuildConfiguration section */
		15A539E228E5F844000A3807 /* Debug */ = {
			isa = XCBuildConfiguration;
			buildSettings = {
				ALWAYS_SEARCH_USER_PATHS = NO;
				CLANG_ANALYZER_NONNULL = YES;
				CLANG_ANALYZER_NUMBER_OBJECT_CONVERSION = YES_AGGRESSIVE;
				CLANG_CXX_LANGUAGE_STANDARD = "gnu++20";
				CLANG_ENABLE_MODULES = YES;
				CLANG_ENABLE_OBJC_ARC = YES;
				CLANG_ENABLE_OBJC_WEAK = YES;
				CLANG_WARN_BLOCK_CAPTURE_AUTORELEASING = YES;
				CLANG_WARN_BOOL_CONVERSION = YES;
				CLANG_WARN_COMMA = YES;
				CLANG_WARN_CONSTANT_CONVERSION = YES;
				CLANG_WARN_DEPRECATED_OBJC_IMPLEMENTATIONS = YES;
				CLANG_WARN_DIRECT_OBJC_ISA_USAGE = YES_ERROR;
				CLANG_WARN_DOCUMENTATION_COMMENTS = YES;
				CLANG_WARN_EMPTY_BODY = YES;
				CLANG_WARN_ENUM_CONVERSION = YES;
				CLANG_WARN_INFINITE_RECURSION = YES;
				CLANG_WARN_INT_CONVERSION = YES;
				CLANG_WARN_NON_LITERAL_NULL_CONVERSION = YES;
				CLANG_WARN_OBJC_IMPLICIT_RETAIN_SELF = YES;
				CLANG_WARN_OBJC_LITERAL_CONVERSION = YES;
				CLANG_WARN_OBJC_ROOT_CLASS = YES_ERROR;
				CLANG_WARN_QUOTED_INCLUDE_IN_FRAMEWORK_HEADER = YES;
				CLANG_WARN_RANGE_LOOP_ANALYSIS = YES;
				CLANG_WARN_STRICT_PROTOTYPES = YES;
				CLANG_WARN_SUSPICIOUS_MOVE = YES;
				CLANG_WARN_UNGUARDED_AVAILABILITY = YES_AGGRESSIVE;
				CLANG_WARN_UNREACHABLE_CODE = YES;
				CLANG_WARN__DUPLICATE_METHOD_MATCH = YES;
				COPY_PHASE_STRIP = NO;
				DEBUG_INFORMATION_FORMAT = dwarf;
				ENABLE_STRICT_OBJC_MSGSEND = YES;
				ENABLE_TESTABILITY = YES;
				GCC_C_LANGUAGE_STANDARD = gnu11;
				GCC_DYNAMIC_NO_PIC = NO;
				GCC_NO_COMMON_BLOCKS = YES;
				GCC_OPTIMIZATION_LEVEL = 0;
				GCC_PREPROCESSOR_DEFINITIONS = (
					"DEBUG=1",
					"$(inherited)",
				);
				GCC_WARN_64_TO_32_BIT_CONVERSION = YES;
				GCC_WARN_ABOUT_RETURN_TYPE = YES_ERROR;
				GCC_WARN_UNDECLARED_SELECTOR = YES;
				GCC_WARN_UNINITIALIZED_AUTOS = YES_AGGRESSIVE;
				GCC_WARN_UNUSED_FUNCTION = YES;
				GCC_WARN_UNUSED_VARIABLE = YES;
				IPHONEOS_DEPLOYMENT_TARGET = 16.0;
				MTL_ENABLE_DEBUG_INFO = INCLUDE_SOURCE;
				MTL_FAST_MATH = YES;
				ONLY_ACTIVE_ARCH = YES;
				SDKROOT = iphoneos;
				SWIFT_ACTIVE_COMPILATION_CONDITIONS = DEBUG;
				SWIFT_OPTIMIZATION_LEVEL = "-Onone";
			};
			name = Debug;
		};
		15A539E328E5F844000A3807 /* Release */ = {
			isa = XCBuildConfiguration;
			buildSettings = {
				ALWAYS_SEARCH_USER_PATHS = NO;
				CLANG_ANALYZER_NONNULL = YES;
				CLANG_ANALYZER_NUMBER_OBJECT_CONVERSION = YES_AGGRESSIVE;
				CLANG_CXX_LANGUAGE_STANDARD = "gnu++20";
				CLANG_ENABLE_MODULES = YES;
				CLANG_ENABLE_OBJC_ARC = YES;
				CLANG_ENABLE_OBJC_WEAK = YES;
				CLANG_WARN_BLOCK_CAPTURE_AUTORELEASING = YES;
				CLANG_WARN_BOOL_CONVERSION = YES;
				CLANG_WARN_COMMA = YES;
				CLANG_WARN_CONSTANT_CONVERSION = YES;
				CLANG_WARN_DEPRECATED_OBJC_IMPLEMENTATIONS = YES;
				CLANG_WARN_DIRECT_OBJC_ISA_USAGE = YES_ERROR;
				CLANG_WARN_DOCUMENTATION_COMMENTS = YES;
				CLANG_WARN_EMPTY_BODY = YES;
				CLANG_WARN_ENUM_CONVERSION = YES;
				CLANG_WARN_INFINITE_RECURSION = YES;
				CLANG_WARN_INT_CONVERSION = YES;
				CLANG_WARN_NON_LITERAL_NULL_CONVERSION = YES;
				CLANG_WARN_OBJC_IMPLICIT_RETAIN_SELF = YES;
				CLANG_WARN_OBJC_LITERAL_CONVERSION = YES;
				CLANG_WARN_OBJC_ROOT_CLASS = YES_ERROR;
				CLANG_WARN_QUOTED_INCLUDE_IN_FRAMEWORK_HEADER = YES;
				CLANG_WARN_RANGE_LOOP_ANALYSIS = YES;
				CLANG_WARN_STRICT_PROTOTYPES = YES;
				CLANG_WARN_SUSPICIOUS_MOVE = YES;
				CLANG_WARN_UNGUARDED_AVAILABILITY = YES_AGGRESSIVE;
				CLANG_WARN_UNREACHABLE_CODE = YES;
				CLANG_WARN__DUPLICATE_METHOD_MATCH = YES;
				COPY_PHASE_STRIP = NO;
				DEBUG_INFORMATION_FORMAT = "dwarf-with-dsym";
				ENABLE_NS_ASSERTIONS = NO;
				ENABLE_STRICT_OBJC_MSGSEND = YES;
				GCC_C_LANGUAGE_STANDARD = gnu11;
				GCC_NO_COMMON_BLOCKS = YES;
				GCC_WARN_64_TO_32_BIT_CONVERSION = YES;
				GCC_WARN_ABOUT_RETURN_TYPE = YES_ERROR;
				GCC_WARN_UNDECLARED_SELECTOR = YES;
				GCC_WARN_UNINITIALIZED_AUTOS = YES_AGGRESSIVE;
				GCC_WARN_UNUSED_FUNCTION = YES;
				GCC_WARN_UNUSED_VARIABLE = YES;
				IPHONEOS_DEPLOYMENT_TARGET = 16.0;
				MTL_ENABLE_DEBUG_INFO = NO;
				MTL_FAST_MATH = YES;
				SDKROOT = iphoneos;
				SWIFT_COMPILATION_MODE = wholemodule;
				SWIFT_OPTIMIZATION_LEVEL = "-O";
				VALIDATE_PRODUCT = YES;
			};
			name = Release;
		};
		15A539E528E5F844000A3807 /* Debug */ = {
			isa = XCBuildConfiguration;
			buildSettings = {
				ASSETCATALOG_COMPILER_APPICON_NAME = AppIcon;
				ASSETCATALOG_COMPILER_GLOBAL_ACCENT_COLOR_NAME = AccentColor;
				CODE_SIGN_STYLE = Automatic;
				CURRENT_PROJECT_VERSION = 1;
				GENERATE_INFOPLIST_FILE = YES;
				INFOPLIST_FILE = Instagram/Info.plist;
				INFOPLIST_KEY_UIApplicationSupportsIndirectInputEvents = YES;
				INFOPLIST_KEY_UILaunchStoryboardName = LaunchScreen;
				INFOPLIST_KEY_UIMainStoryboardFile = Main;
				INFOPLIST_KEY_UISupportedInterfaceOrientations_iPad = "UIInterfaceOrientationPortrait UIInterfaceOrientationPortraitUpsideDown UIInterfaceOrientationLandscapeLeft UIInterfaceOrientationLandscapeRight";
				INFOPLIST_KEY_UISupportedInterfaceOrientations_iPhone = "UIInterfaceOrientationPortrait UIInterfaceOrientationLandscapeLeft UIInterfaceOrientationLandscapeRight";
				LD_RUNPATH_SEARCH_PATHS = (
					"$(inherited)",
					"@executable_path/Frameworks",
				);
				MARKETING_VERSION = 1.0;
				PRODUCT_BUNDLE_IDENTIFIER = SH.Instagram;
				PRODUCT_NAME = "$(TARGET_NAME)";
				SWIFT_EMIT_LOC_STRINGS = YES;
				SWIFT_VERSION = 5.0;
				TARGETED_DEVICE_FAMILY = "1,2";
			};
			name = Debug;
		};
		15A539E628E5F844000A3807 /* Release */ = {
			isa = XCBuildConfiguration;
			buildSettings = {
				ASSETCATALOG_COMPILER_APPICON_NAME = AppIcon;
				ASSETCATALOG_COMPILER_GLOBAL_ACCENT_COLOR_NAME = AccentColor;
				CODE_SIGN_STYLE = Automatic;
				CURRENT_PROJECT_VERSION = 1;
				GENERATE_INFOPLIST_FILE = YES;
				INFOPLIST_FILE = Instagram/Info.plist;
				INFOPLIST_KEY_UIApplicationSupportsIndirectInputEvents = YES;
				INFOPLIST_KEY_UILaunchStoryboardName = LaunchScreen;
				INFOPLIST_KEY_UIMainStoryboardFile = Main;
				INFOPLIST_KEY_UISupportedInterfaceOrientations_iPad = "UIInterfaceOrientationPortrait UIInterfaceOrientationPortraitUpsideDown UIInterfaceOrientationLandscapeLeft UIInterfaceOrientationLandscapeRight";
				INFOPLIST_KEY_UISupportedInterfaceOrientations_iPhone = "UIInterfaceOrientationPortrait UIInterfaceOrientationLandscapeLeft UIInterfaceOrientationLandscapeRight";
				LD_RUNPATH_SEARCH_PATHS = (
					"$(inherited)",
					"@executable_path/Frameworks",
				);
				MARKETING_VERSION = 1.0;
				PRODUCT_BUNDLE_IDENTIFIER = SH.Instagram;
				PRODUCT_NAME = "$(TARGET_NAME)";
				SWIFT_EMIT_LOC_STRINGS = YES;
				SWIFT_VERSION = 5.0;
				TARGETED_DEVICE_FAMILY = "1,2";
			};
			name = Release;
		};
/* End XCBuildConfiguration section */

/* Begin XCConfigurationList section */
		15A539CB28E5F843000A3807 /* Build configuration list for PBXProject "Instagram" */ = {
			isa = XCConfigurationList;
			buildConfigurations = (
				15A539E228E5F844000A3807 /* Debug */,
				15A539E328E5F844000A3807 /* Release */,
			);
			defaultConfigurationIsVisible = 0;
			defaultConfigurationName = Release;
		};
		15A539E428E5F844000A3807 /* Build configuration list for PBXNativeTarget "Instagram" */ = {
			isa = XCConfigurationList;
			buildConfigurations = (
				15A539E528E5F844000A3807 /* Debug */,
				15A539E628E5F844000A3807 /* Release */,
			);
			defaultConfigurationIsVisible = 0;
			defaultConfigurationName = Release;
		};
/* End XCConfigurationList section */
	};
	rootObject = 15A539C828E5F843000A3807 /* Project object */;
}
