// !$*UTF8*$!
{
	archiveVersion = 1;
	classes = {
	};
	objectVersion = 55;
	objects = {

/* Begin PBXBuildFile section */
		15087547290914D0002622BA /* GoogleService-Info.plist in Resources */ = {isa = PBXBuildFile; fileRef = 15087546290914D0002622BA /* GoogleService-Info.plist */; };
		15112E69290BB418000ED838 /* UserInfoViewModel.swift in Sources */ = {isa = PBXBuildFile; fileRef = 15112E68290BB418000ED838 /* UserInfoViewModel.swift */; };
		155ADA0628F3C67B00E292A9 /* ImageUploader.swift in Sources */ = {isa = PBXBuildFile; fileRef = 155ADA0528F3C67B00E292A9 /* ImageUploader.swift */; };
		155ADA0828F3C68F00E292A9 /* AuthService.swift in Sources */ = {isa = PBXBuildFile; fileRef = 155ADA0728F3C68F00E292A9 /* AuthService.swift */; };
		1567B52028EBE1B700491DDA /* AuthenticationViewModel.swift in Sources */ = {isa = PBXBuildFile; fileRef = 1567B51F28EBE1B700491DDA /* AuthenticationViewModel.swift */; };
		1567B52228EBE7D700491DDA /* BindingTextField.swift in Sources */ = {isa = PBXBuildFile; fileRef = 1567B52128EBE7D700491DDA /* BindingTextField.swift */; };
		1577FD2A290A9B1B00811E34 /* ProfileCell.swift in Sources */ = {isa = PBXBuildFile; fileRef = 1577FD29290A9B1B00811E34 /* ProfileCell.swift */; };
		1577FD2C290A9B3300811E34 /* ProfileHeader.swift in Sources */ = {isa = PBXBuildFile; fileRef = 1577FD2B290A9B3300811E34 /* ProfileHeader.swift */; };
		15A539D428E5F843000A3807 /* AppDelegate.swift in Sources */ = {isa = PBXBuildFile; fileRef = 15A539D328E5F843000A3807 /* AppDelegate.swift */; };
		15A539D628E5F843000A3807 /* SceneDelegate.swift in Sources */ = {isa = PBXBuildFile; fileRef = 15A539D528E5F843000A3807 /* SceneDelegate.swift */; };
		15A539DB28E5F843000A3807 /* Main.storyboard in Resources */ = {isa = PBXBuildFile; fileRef = 15A539D928E5F843000A3807 /* Main.storyboard */; };
		15A539DD28E5F844000A3807 /* Assets.xcassets in Resources */ = {isa = PBXBuildFile; fileRef = 15A539DC28E5F844000A3807 /* Assets.xcassets */; };
		15A539E028E5F844000A3807 /* LaunchScreen.storyboard in Resources */ = {isa = PBXBuildFile; fileRef = 15A539DE28E5F844000A3807 /* LaunchScreen.storyboard */; };
		15A53A0028E7C383000A3807 /* FeedController.swift in Sources */ = {isa = PBXBuildFile; fileRef = 15A539FA28E7C383000A3807 /* FeedController.swift */; };
		15A53A0128E7C383000A3807 /* ImageSelectorController.swift in Sources */ = {isa = PBXBuildFile; fileRef = 15A539FB28E7C383000A3807 /* ImageSelectorController.swift */; };
		15A53A0228E7C383000A3807 /* SearchController.swift in Sources */ = {isa = PBXBuildFile; fileRef = 15A539FC28E7C383000A3807 /* SearchController.swift */; };
		15A53A0328E7C383000A3807 /* ProfileController.swift in Sources */ = {isa = PBXBuildFile; fileRef = 15A539FD28E7C383000A3807 /* ProfileController.swift */; };
		15A53A0428E7C383000A3807 /* NotificationsController.swift in Sources */ = {isa = PBXBuildFile; fileRef = 15A539FE28E7C383000A3807 /* NotificationsController.swift */; };
		15A53A0528E7C383000A3807 /* MainHomeTabController.swift in Sources */ = {isa = PBXBuildFile; fileRef = 15A539FF28E7C383000A3807 /* MainHomeTabController.swift */; };
		15A53A0728E7C3F2000A3807 /* FeedCell.swift in Sources */ = {isa = PBXBuildFile; fileRef = 15A53A0628E7C3F2000A3807 /* FeedCell.swift */; };
		15A53A2028E9D72F000A3807 /* LoginController.swift in Sources */ = {isa = PBXBuildFile; fileRef = 15A53A1F28E9D72F000A3807 /* LoginController.swift */; };
		15A53A2228E9D750000A3807 /* RegistrationController.swift in Sources */ = {isa = PBXBuildFile; fileRef = 15A53A2128E9D750000A3807 /* RegistrationController.swift */; };
		15A53A2428EB3174000A3807 /* CustomTextField.swift in Sources */ = {isa = PBXBuildFile; fileRef = 15A53A2328EB3174000A3807 /* CustomTextField.swift */; };
		15A53A2628EB371B000A3807 /* UserHelpLabelAndButton.swift in Sources */ = {isa = PBXBuildFile; fileRef = 15A53A2528EB371B000A3807 /* UserHelpLabelAndButton.swift */; };
		15A53A2828EB3B34000A3807 /* LoginButton.swift in Sources */ = {isa = PBXBuildFile; fileRef = 15A53A2728EB3B34000A3807 /* LoginButton.swift */; };
		15A53A2A28EB40D2000A3807 /* Extensions.swift in Sources */ = {isa = PBXBuildFile; fileRef = 15A53A2928EB40D2000A3807 /* Extensions.swift */; };
		15FFB02C290C2B46007D36D7 /* Pods_Instagram.framework in Frameworks */ = {isa = PBXBuildFile; fileRef = A02562495CFC792CEBC46C61 /* Pods_Instagram.framework */; };
/* End PBXBuildFile section */

/* Begin PBXFileReference section */
		065A469501F7B05B9DC2C171 /* Pods-Instagram.debug.xcconfig */ = {isa = PBXFileReference; includeInIndex = 1; lastKnownFileType = text.xcconfig; name = "Pods-Instagram.debug.xcconfig"; path = "Target Support Files/Pods-Instagram/Pods-Instagram.debug.xcconfig"; sourceTree = "<group>"; };
		15087546290914D0002622BA /* GoogleService-Info.plist */ = {isa = PBXFileReference; fileEncoding = 4; lastKnownFileType = text.plist.xml; path = "GoogleService-Info.plist"; sourceTree = "<group>"; };
		15112E68290BB418000ED838 /* UserInfoViewModel.swift */ = {isa = PBXFileReference; lastKnownFileType = sourcecode.swift; path = UserInfoViewModel.swift; sourceTree = "<group>"; };
		155ADA0528F3C67B00E292A9 /* ImageUploader.swift */ = {isa = PBXFileReference; lastKnownFileType = sourcecode.swift; path = ImageUploader.swift; sourceTree = "<group>"; };
		155ADA0728F3C68F00E292A9 /* AuthService.swift */ = {isa = PBXFileReference; lastKnownFileType = sourcecode.swift; name = AuthService.swift; path = "../../../../../Algorithm-study/AuthService.swift"; sourceTree = "<group>"; };
		1567B51F28EBE1B700491DDA /* AuthenticationViewModel.swift */ = {isa = PBXFileReference; lastKnownFileType = sourcecode.swift; path = AuthenticationViewModel.swift; sourceTree = "<group>"; };
		1567B52128EBE7D700491DDA /* BindingTextField.swift */ = {isa = PBXFileReference; lastKnownFileType = sourcecode.swift; path = BindingTextField.swift; sourceTree = "<group>"; };
		1577FD29290A9B1B00811E34 /* ProfileCell.swift */ = {isa = PBXFileReference; lastKnownFileType = sourcecode.swift; path = ProfileCell.swift; sourceTree = "<group>"; };
		1577FD2B290A9B3300811E34 /* ProfileHeader.swift */ = {isa = PBXFileReference; lastKnownFileType = sourcecode.swift; path = ProfileHeader.swift; sourceTree = "<group>"; };
		15A539D028E5F843000A3807 /* Instagram.app */ = {isa = PBXFileReference; explicitFileType = wrapper.application; includeInIndex = 0; path = Instagram.app; sourceTree = BUILT_PRODUCTS_DIR; };
		15A539D328E5F843000A3807 /* AppDelegate.swift */ = {isa = PBXFileReference; lastKnownFileType = sourcecode.swift; path = AppDelegate.swift; sourceTree = "<group>"; };
		15A539D528E5F843000A3807 /* SceneDelegate.swift */ = {isa = PBXFileReference; lastKnownFileType = sourcecode.swift; path = SceneDelegate.swift; sourceTree = "<group>"; };
		15A539DA28E5F843000A3807 /* Base */ = {isa = PBXFileReference; lastKnownFileType = file.storyboard; name = Base; path = Base.lproj/Main.storyboard; sourceTree = "<group>"; };
		15A539DC28E5F844000A3807 /* Assets.xcassets */ = {isa = PBXFileReference; lastKnownFileType = folder.assetcatalog; path = Assets.xcassets; sourceTree = "<group>"; };
		15A539DF28E5F844000A3807 /* Base */ = {isa = PBXFileReference; lastKnownFileType = file.storyboard; name = Base; path = Base.lproj/LaunchScreen.storyboard; sourceTree = "<group>"; };
		15A539E128E5F844000A3807 /* Info.plist */ = {isa = PBXFileReference; lastKnownFileType = text.plist.xml; path = Info.plist; sourceTree = "<group>"; };
		15A539FA28E7C383000A3807 /* FeedController.swift */ = {isa = PBXFileReference; fileEncoding = 4; lastKnownFileType = sourcecode.swift; path = FeedController.swift; sourceTree = "<group>"; };
		15A539FB28E7C383000A3807 /* ImageSelectorController.swift */ = {isa = PBXFileReference; fileEncoding = 4; lastKnownFileType = sourcecode.swift; path = ImageSelectorController.swift; sourceTree = "<group>"; };
		15A539FC28E7C383000A3807 /* SearchController.swift */ = {isa = PBXFileReference; fileEncoding = 4; lastKnownFileType = sourcecode.swift; path = SearchController.swift; sourceTree = "<group>"; };
		15A539FD28E7C383000A3807 /* ProfileController.swift */ = {isa = PBXFileReference; fileEncoding = 4; lastKnownFileType = sourcecode.swift; path = ProfileController.swift; sourceTree = "<group>"; };
		15A539FE28E7C383000A3807 /* NotificationsController.swift */ = {isa = PBXFileReference; fileEncoding = 4; lastKnownFileType = sourcecode.swift; path = NotificationsController.swift; sourceTree = "<group>"; };
		15A539FF28E7C383000A3807 /* MainHomeTabController.swift */ = {isa = PBXFileReference; fileEncoding = 4; lastKnownFileType = sourcecode.swift; path = MainHomeTabController.swift; sourceTree = "<group>"; };
		15A53A0628E7C3F2000A3807 /* FeedCell.swift */ = {isa = PBXFileReference; lastKnownFileType = sourcecode.swift; path = FeedCell.swift; sourceTree = "<group>"; };
		15A53A1F28E9D72F000A3807 /* LoginController.swift */ = {isa = PBXFileReference; lastKnownFileType = sourcecode.swift; path = LoginController.swift; sourceTree = "<group>"; };
		15A53A2128E9D750000A3807 /* RegistrationController.swift */ = {isa = PBXFileReference; lastKnownFileType = sourcecode.swift; path = RegistrationController.swift; sourceTree = "<group>"; };
		15A53A2328EB3174000A3807 /* CustomTextField.swift */ = {isa = PBXFileReference; lastKnownFileType = sourcecode.swift; path = CustomTextField.swift; sourceTree = "<group>"; };
		15A53A2528EB371B000A3807 /* UserHelpLabelAndButton.swift */ = {isa = PBXFileReference; lastKnownFileType = sourcecode.swift; path = UserHelpLabelAndButton.swift; sourceTree = "<group>"; };
		15A53A2728EB3B34000A3807 /* LoginButton.swift */ = {isa = PBXFileReference; lastKnownFileType = sourcecode.swift; path = LoginButton.swift; sourceTree = "<group>"; };
		15A53A2928EB40D2000A3807 /* Extensions.swift */ = {isa = PBXFileReference; lastKnownFileType = sourcecode.swift; path = Extensions.swift; sourceTree = "<group>"; };
		978147EDC7134A4433C44127 /* Pods-Instagram.release.xcconfig */ = {isa = PBXFileReference; includeInIndex = 1; lastKnownFileType = text.xcconfig; name = "Pods-Instagram.release.xcconfig"; path = "Target Support Files/Pods-Instagram/Pods-Instagram.release.xcconfig"; sourceTree = "<group>"; };
		A02562495CFC792CEBC46C61 /* Pods_Instagram.framework */ = {isa = PBXFileReference; explicitFileType = wrapper.framework; includeInIndex = 0; path = Pods_Instagram.framework; sourceTree = BUILT_PRODUCTS_DIR; };
/* End PBXFileReference section */

/* Begin PBXFrameworksBuildPhase section */
		15A539CD28E5F843000A3807 /* Frameworks */ = {
			isa = PBXFrameworksBuildPhase;
			buildActionMask = 2147483647;
			files = (
				15FFB02C290C2B46007D36D7 /* Pods_Instagram.framework in Frameworks */,
			);
			runOnlyForDeploymentPostprocessing = 0;
		};
/* End PBXFrameworksBuildPhase section */

/* Begin PBXGroup section */
		1577FD2D290A9B3700811E34 /* Profile */ = {
			isa = PBXGroup;
			children = (
				1577FD29290A9B1B00811E34 /* ProfileCell.swift */,
				1577FD2B290A9B3300811E34 /* ProfileHeader.swift */,
			);
			path = Profile;
			sourceTree = "<group>";
		};
		15A539C728E5F843000A3807 = {
			isa = PBXGroup;
			children = (
				15A539D228E5F843000A3807 /* Instagram */,
				15A539D128E5F843000A3807 /* Products */,
				4247C13C7B2E4D432917CF47 /* Pods */,
				F16042A83C064BC8668BC44E /* Frameworks */,
			);
			sourceTree = "<group>";
		};
		15A539D128E5F843000A3807 /* Products */ = {
			isa = PBXGroup;
			children = (
				15A539D028E5F843000A3807 /* Instagram.app */,
			);
			name = Products;
			sourceTree = "<group>";
		};
		15A539D228E5F843000A3807 /* Instagram */ = {
			isa = PBXGroup;
			children = (
				15AA0BAF28F343590033015C /* Private */,
				15A539EC28E5F943000A3807 /* Model */,
				15A53A1D28E9AAF2000A3807 /* ViewModel */,
				15A539F928E7C383000A3807 /* Controller */,
				15A539EB28E5F93E000A3807 /* View */,
				15A539E828E5F931000A3807 /* API */,
				15A539E728E5F924000A3807 /* Utils */,
				15A539D328E5F843000A3807 /* AppDelegate.swift */,
				15A539D528E5F843000A3807 /* SceneDelegate.swift */,
				15A539D928E5F843000A3807 /* Main.storyboard */,
				15A539DC28E5F844000A3807 /* Assets.xcassets */,
				15A539DE28E5F844000A3807 /* LaunchScreen.storyboard */,
				15A539E128E5F844000A3807 /* Info.plist */,
			);
			path = Instagram;
			sourceTree = "<group>";
		};
		15A539E728E5F924000A3807 /* Utils */ = {
			isa = PBXGroup;
			children = (
				15A53A2928EB40D2000A3807 /* Extensions.swift */,
			);
			path = Utils;
			sourceTree = "<group>";
		};
		15A539E828E5F931000A3807 /* API */ = {
			isa = PBXGroup;
			children = (
				155ADA0528F3C67B00E292A9 /* ImageUploader.swift */,
				155ADA0728F3C68F00E292A9 /* AuthService.swift */,
			);
			path = API;
			sourceTree = "<group>";
		};
		15A539EB28E5F93E000A3807 /* View */ = {
			isa = PBXGroup;
			children = (
				1577FD2D290A9B3700811E34 /* Profile */,
				15A53A0628E7C3F2000A3807 /* FeedCell.swift */,
				15A53A2328EB3174000A3807 /* CustomTextField.swift */,
				15A53A2528EB371B000A3807 /* UserHelpLabelAndButton.swift */,
				15A53A2728EB3B34000A3807 /* LoginButton.swift */,
				1567B52128EBE7D700491DDA /* BindingTextField.swift */,
			);
			path = View;
			sourceTree = "<group>";
		};
		15A539EC28E5F943000A3807 /* Model */ = {
			isa = PBXGroup;
			children = (
			);
			path = Model;
			sourceTree = "<group>";
		};
		15A539F928E7C383000A3807 /* Controller */ = {
			isa = PBXGroup;
			children = (
				15A53A1E28E9D6FB000A3807 /* Authentication */,
				15A539FA28E7C383000A3807 /* FeedController.swift */,
				15A539FB28E7C383000A3807 /* ImageSelectorController.swift */,
				15A539FC28E7C383000A3807 /* SearchController.swift */,
				15A539FD28E7C383000A3807 /* ProfileController.swift */,
				15A539FE28E7C383000A3807 /* NotificationsController.swift */,
				15A539FF28E7C383000A3807 /* MainHomeTabController.swift */,
			);
			path = Controller;
			sourceTree = "<group>";
		};
		15A53A1D28E9AAF2000A3807 /* ViewModel */ = {
			isa = PBXGroup;
			children = (
				1567B51F28EBE1B700491DDA /* AuthenticationViewModel.swift */,
				15112E68290BB418000ED838 /* UserInfoViewModel.swift */,
			);
			path = ViewModel;
			sourceTree = "<group>";
		};
		15A53A1E28E9D6FB000A3807 /* Authentication */ = {
			isa = PBXGroup;
			children = (
				15A53A1F28E9D72F000A3807 /* LoginController.swift */,
				15A53A2128E9D750000A3807 /* RegistrationController.swift */,
			);
			path = Authentication;
			sourceTree = "<group>";
		};
		15AA0BAF28F343590033015C /* Private */ = {
			isa = PBXGroup;
			children = (
				15087546290914D0002622BA /* GoogleService-Info.plist */,
			);
			path = Private;
			sourceTree = "<group>";
		};
		4247C13C7B2E4D432917CF47 /* Pods */ = {
			isa = PBXGroup;
			children = (
				065A469501F7B05B9DC2C171 /* Pods-Instagram.debug.xcconfig */,
				978147EDC7134A4433C44127 /* Pods-Instagram.release.xcconfig */,
			);
			path = Pods;
			sourceTree = "<group>";
		};
		F16042A83C064BC8668BC44E /* Frameworks */ = {
			isa = PBXGroup;
			children = (
				A02562495CFC792CEBC46C61 /* Pods_Instagram.framework */,
			);
			name = Frameworks;
			sourceTree = "<group>";
		};
/* End PBXGroup section */

/* Begin PBXNativeTarget section */
		15A539CF28E5F843000A3807 /* Instagram */ = {
			isa = PBXNativeTarget;
			buildConfigurationList = 15A539E428E5F844000A3807 /* Build configuration list for PBXNativeTarget "Instagram" */;
			buildPhases = (
				18ABB11ED8A5DA53EC3DBD40 /* [CP] Check Pods Manifest.lock */,
				15A539CC28E5F843000A3807 /* Sources */,
				15A539CD28E5F843000A3807 /* Frameworks */,
				15A539CE28E5F843000A3807 /* Resources */,
				F58A7F5CC2B4A8794C4C5785 /* [CP] Embed Pods Frameworks */,
			);
			buildRules = (
			);
			dependencies = (
			);
			name = Instagram;
			productName = Instagram;
			productReference = 15A539D028E5F843000A3807 /* Instagram.app */;
			productType = "com.apple.product-type.application";
		};
/* End PBXNativeTarget section */

/* Begin PBXProject section */
		15A539C828E5F843000A3807 /* Project object */ = {
			isa = PBXProject;
			attributes = {
				BuildIndependentTargetsInParallel = 1;
				LastSwiftUpdateCheck = 1400;
				LastUpgradeCheck = 1400;
				TargetAttributes = {
					15A539CF28E5F843000A3807 = {
						CreatedOnToolsVersion = 14.0.1;
					};
				};
			};
			buildConfigurationList = 15A539CB28E5F843000A3807 /* Build configuration list for PBXProject "Instagram" */;
			compatibilityVersion = "Xcode 13.0";
			developmentRegion = en;
			hasScannedForEncodings = 0;
			knownRegions = (
				en,
				Base,
			);
			mainGroup = 15A539C728E5F843000A3807;
			productRefGroup = 15A539D128E5F843000A3807 /* Products */;
			projectDirPath = "";
			projectRoot = "";
			targets = (
				15A539CF28E5F843000A3807 /* Instagram */,
			);
		};
/* End PBXProject section */

/* Begin PBXResourcesBuildPhase section */
		15A539CE28E5F843000A3807 /* Resources */ = {
			isa = PBXResourcesBuildPhase;
			buildActionMask = 2147483647;
			files = (
				15A539E028E5F844000A3807 /* LaunchScreen.storyboard in Resources */,
				15087547290914D0002622BA /* GoogleService-Info.plist in Resources */,
				15A539DD28E5F844000A3807 /* Assets.xcassets in Resources */,
				15A539DB28E5F843000A3807 /* Main.storyboard in Resources */,
			);
			runOnlyForDeploymentPostprocessing = 0;
		};
/* End PBXResourcesBuildPhase section */

/* Begin PBXShellScriptBuildPhase section */
		18ABB11ED8A5DA53EC3DBD40 /* [CP] Check Pods Manifest.lock */ = {
			isa = PBXShellScriptBuildPhase;
			buildActionMask = 2147483647;
			files = (
			);
			inputFileListPaths = (
			);
			inputPaths = (
				"${PODS_PODFILE_DIR_PATH}/Podfile.lock",
				"${PODS_ROOT}/Manifest.lock",
			);
			name = "[CP] Check Pods Manifest.lock";
			outputFileListPaths = (
			);
			outputPaths = (
				"$(DERIVED_FILE_DIR)/Pods-Instagram-checkManifestLockResult.txt",
			);
			runOnlyForDeploymentPostprocessing = 0;
			shellPath = /bin/sh;
			shellScript = "diff \"${PODS_PODFILE_DIR_PATH}/Podfile.lock\" \"${PODS_ROOT}/Manifest.lock\" > /dev/null\nif [ $? != 0 ] ; then\n    # print error to STDERR\n    echo \"error: The sandbox is not in sync with the Podfile.lock. Run 'pod install' or update your CocoaPods installation.\" >&2\n    exit 1\nfi\n# This output is used by Xcode 'outputs' to avoid re-running this script phase.\necho \"SUCCESS\" > \"${SCRIPT_OUTPUT_FILE_0}\"\n";
			showEnvVarsInLog = 0;
		};
		F58A7F5CC2B4A8794C4C5785 /* [CP] Embed Pods Frameworks */ = {
			isa = PBXShellScriptBuildPhase;
			buildActionMask = 2147483647;
			files = (
			);
			inputFileListPaths = (
				"${PODS_ROOT}/Target Support Files/Pods-Instagram/Pods-Instagram-frameworks-${CONFIGURATION}-input-files.xcfilelist",
			);
			name = "[CP] Embed Pods Frameworks";
			outputFileListPaths = (
				"${PODS_ROOT}/Target Support Files/Pods-Instagram/Pods-Instagram-frameworks-${CONFIGURATION}-output-files.xcfilelist",
			);
			runOnlyForDeploymentPostprocessing = 0;
			shellPath = /bin/sh;
			shellScript = "\"${PODS_ROOT}/Target Support Files/Pods-Instagram/Pods-Instagram-frameworks.sh\"\n";
			showEnvVarsInLog = 0;
		};
/* End PBXShellScriptBuildPhase section */

/* Begin PBXSourcesBuildPhase section */
		15A539CC28E5F843000A3807 /* Sources */ = {
			isa = PBXSourcesBuildPhase;
			buildActionMask = 2147483647;
			files = (
				15A53A2428EB3174000A3807 /* CustomTextField.swift in Sources */,
				15A53A2028E9D72F000A3807 /* LoginController.swift in Sources */,
				15A53A0128E7C383000A3807 /* ImageSelectorController.swift in Sources */,
				15A53A0728E7C3F2000A3807 /* FeedCell.swift in Sources */,
				1567B52028EBE1B700491DDA /* AuthenticationViewModel.swift in Sources */,
				15112E69290BB418000ED838 /* UserInfoViewModel.swift in Sources */,
				155ADA0628F3C67B00E292A9 /* ImageUploader.swift in Sources */,
				155ADA0828F3C68F00E292A9 /* AuthService.swift in Sources */,
				1567B52228EBE7D700491DDA /* BindingTextField.swift in Sources */,
				15A53A0528E7C383000A3807 /* MainHomeTabController.swift in Sources */,
				1577FD2A290A9B1B00811E34 /* ProfileCell.swift in Sources */,
				15A53A0428E7C383000A3807 /* NotificationsController.swift in Sources */,
				15A539D428E5F843000A3807 /* AppDelegate.swift in Sources */,
				15A53A0328E7C383000A3807 /* ProfileController.swift in Sources */,
				15A53A0228E7C383000A3807 /* SearchController.swift in Sources */,
				1577FD2C290A9B3300811E34 /* ProfileHeader.swift in Sources */,
				15A53A2828EB3B34000A3807 /* LoginButton.swift in Sources */,
				15A53A2A28EB40D2000A3807 /* Extensions.swift in Sources */,
				15A53A0028E7C383000A3807 /* FeedController.swift in Sources */,
				15A53A2228E9D750000A3807 /* RegistrationController.swift in Sources */,
				15A53A2628EB371B000A3807 /* UserHelpLabelAndButton.swift in Sources */,
				15A539D628E5F843000A3807 /* SceneDelegate.swift in Sources */,
			);
			runOnlyForDeploymentPostprocessing = 0;
		};
/* End PBXSourcesBuildPhase section */

/* Begin PBXVariantGroup section */
		15A539D928E5F843000A3807 /* Main.storyboard */ = {
			isa = PBXVariantGroup;
			children = (
				15A539DA28E5F843000A3807 /* Base */,
			);
			name = Main.storyboard;
			sourceTree = "<group>";
		};
		15A539DE28E5F844000A3807 /* LaunchScreen.storyboard */ = {
			isa = PBXVariantGroup;
			children = (
				15A539DF28E5F844000A3807 /* Base */,
			);
			name = LaunchScreen.storyboard;
			sourceTree = "<group>";
		};
/* End PBXVariantGroup section */

/* Begin XCBuildConfiguration section */
		15A539E228E5F844000A3807 /* Debug */ = {
			isa = XCBuildConfiguration;
			buildSettings = {
				ALWAYS_EMBED_SWIFT_STANDARD_LIBRARIES = NO;
				ALWAYS_SEARCH_USER_PATHS = NO;
				CLANG_ANALYZER_NONNULL = YES;
				CLANG_ANALYZER_NUMBER_OBJECT_CONVERSION = YES_AGGRESSIVE;
				CLANG_CXX_LANGUAGE_STANDARD = "gnu++20";
				CLANG_ENABLE_MODULES = YES;
				CLANG_ENABLE_OBJC_ARC = YES;
				CLANG_ENABLE_OBJC_WEAK = YES;
				CLANG_WARN_BLOCK_CAPTURE_AUTORELEASING = YES;
				CLANG_WARN_BOOL_CONVERSION = YES;
				CLANG_WARN_COMMA = YES;
				CLANG_WARN_CONSTANT_CONVERSION = YES;
				CLANG_WARN_DEPRECATED_OBJC_IMPLEMENTATIONS = YES;
				CLANG_WARN_DIRECT_OBJC_ISA_USAGE = YES_ERROR;
				CLANG_WARN_DOCUMENTATION_COMMENTS = YES;
				CLANG_WARN_EMPTY_BODY = YES;
				CLANG_WARN_ENUM_CONVERSION = YES;
				CLANG_WARN_INFINITE_RECURSION = YES;
				CLANG_WARN_INT_CONVERSION = YES;
				CLANG_WARN_NON_LITERAL_NULL_CONVERSION = YES;
				CLANG_WARN_OBJC_IMPLICIT_RETAIN_SELF = YES;
				CLANG_WARN_OBJC_LITERAL_CONVERSION = YES;
				CLANG_WARN_OBJC_ROOT_CLASS = YES_ERROR;
				CLANG_WARN_QUOTED_INCLUDE_IN_FRAMEWORK_HEADER = YES;
				CLANG_WARN_RANGE_LOOP_ANALYSIS = YES;
				CLANG_WARN_STRICT_PROTOTYPES = YES;
				CLANG_WARN_SUSPICIOUS_MOVE = YES;
				CLANG_WARN_UNGUARDED_AVAILABILITY = YES_AGGRESSIVE;
				CLANG_WARN_UNREACHABLE_CODE = YES;
				CLANG_WARN__DUPLICATE_METHOD_MATCH = YES;
				COPY_PHASE_STRIP = NO;
				DEBUG_INFORMATION_FORMAT = dwarf;
				ENABLE_STRICT_OBJC_MSGSEND = YES;
				ENABLE_TESTABILITY = YES;
				EXCLUDED_ARCHS = "";
				GCC_C_LANGUAGE_STANDARD = gnu11;
				GCC_DYNAMIC_NO_PIC = NO;
				GCC_NO_COMMON_BLOCKS = YES;
				GCC_OPTIMIZATION_LEVEL = 0;
				GCC_PREPROCESSOR_DEFINITIONS = (
					"DEBUG=1",
					"$(inherited)",
				);
				GCC_WARN_64_TO_32_BIT_CONVERSION = YES;
				GCC_WARN_ABOUT_RETURN_TYPE = YES_ERROR;
				GCC_WARN_UNDECLARED_SELECTOR = YES;
				GCC_WARN_UNINITIALIZED_AUTOS = YES_AGGRESSIVE;
				GCC_WARN_UNUSED_FUNCTION = YES;
				GCC_WARN_UNUSED_VARIABLE = YES;
				IPHONEOS_DEPLOYMENT_TARGET = 15.0;
				MTL_ENABLE_DEBUG_INFO = INCLUDE_SOURCE;
				MTL_FAST_MATH = YES;
				ONLY_ACTIVE_ARCH = YES;
				SDKROOT = iphoneos;
				SWIFT_ACTIVE_COMPILATION_CONDITIONS = DEBUG;
				SWIFT_OPTIMIZATION_LEVEL = "-Onone";
			};
			name = Debug;
		};
		15A539E328E5F844000A3807 /* Release */ = {
			isa = XCBuildConfiguration;
			buildSettings = {
				ALWAYS_EMBED_SWIFT_STANDARD_LIBRARIES = NO;
				ALWAYS_SEARCH_USER_PATHS = NO;
				CLANG_ANALYZER_NONNULL = YES;
				CLANG_ANALYZER_NUMBER_OBJECT_CONVERSION = YES_AGGRESSIVE;
				CLANG_CXX_LANGUAGE_STANDARD = "gnu++20";
				CLANG_ENABLE_MODULES = YES;
				CLANG_ENABLE_OBJC_ARC = YES;
				CLANG_ENABLE_OBJC_WEAK = YES;
				CLANG_WARN_BLOCK_CAPTURE_AUTORELEASING = YES;
				CLANG_WARN_BOOL_CONVERSION = YES;
				CLANG_WARN_COMMA = YES;
				CLANG_WARN_CONSTANT_CONVERSION = YES;
				CLANG_WARN_DEPRECATED_OBJC_IMPLEMENTATIONS = YES;
				CLANG_WARN_DIRECT_OBJC_ISA_USAGE = YES_ERROR;
				CLANG_WARN_DOCUMENTATION_COMMENTS = YES;
				CLANG_WARN_EMPTY_BODY = YES;
				CLANG_WARN_ENUM_CONVERSION = YES;
				CLANG_WARN_INFINITE_RECURSION = YES;
				CLANG_WARN_INT_CONVERSION = YES;
				CLANG_WARN_NON_LITERAL_NULL_CONVERSION = YES;
				CLANG_WARN_OBJC_IMPLICIT_RETAIN_SELF = YES;
				CLANG_WARN_OBJC_LITERAL_CONVERSION = YES;
				CLANG_WARN_OBJC_ROOT_CLASS = YES_ERROR;
				CLANG_WARN_QUOTED_INCLUDE_IN_FRAMEWORK_HEADER = YES;
				CLANG_WARN_RANGE_LOOP_ANALYSIS = YES;
				CLANG_WARN_STRICT_PROTOTYPES = YES;
				CLANG_WARN_SUSPICIOUS_MOVE = YES;
				CLANG_WARN_UNGUARDED_AVAILABILITY = YES_AGGRESSIVE;
				CLANG_WARN_UNREACHABLE_CODE = YES;
				CLANG_WARN__DUPLICATE_METHOD_MATCH = YES;
				COPY_PHASE_STRIP = NO;
				DEBUG_INFORMATION_FORMAT = "dwarf-with-dsym";
				ENABLE_NS_ASSERTIONS = NO;
				ENABLE_STRICT_OBJC_MSGSEND = YES;
				EXCLUDED_ARCHS = "";
				GCC_C_LANGUAGE_STANDARD = gnu11;
				GCC_NO_COMMON_BLOCKS = YES;
				GCC_WARN_64_TO_32_BIT_CONVERSION = YES;
				GCC_WARN_ABOUT_RETURN_TYPE = YES_ERROR;
				GCC_WARN_UNDECLARED_SELECTOR = YES;
				GCC_WARN_UNINITIALIZED_AUTOS = YES_AGGRESSIVE;
				GCC_WARN_UNUSED_FUNCTION = YES;
				GCC_WARN_UNUSED_VARIABLE = YES;
				IPHONEOS_DEPLOYMENT_TARGET = 15.0;
				MTL_ENABLE_DEBUG_INFO = NO;
				MTL_FAST_MATH = YES;
				ONLY_ACTIVE_ARCH = YES;
				SDKROOT = iphoneos;
				SWIFT_COMPILATION_MODE = wholemodule;
				SWIFT_OPTIMIZATION_LEVEL = "-O";
				VALIDATE_PRODUCT = YES;
			};
			name = Release;
		};
		15A539E528E5F844000A3807 /* Debug */ = {
			isa = XCBuildConfiguration;
			baseConfigurationReference = 065A469501F7B05B9DC2C171 /* Pods-Instagram.debug.xcconfig */;
			buildSettings = {
				ASSETCATALOG_COMPILER_APPICON_NAME = AppIcon;
				ASSETCATALOG_COMPILER_GLOBAL_ACCENT_COLOR_NAME = AccentColor;
				BUILD_LIBRARY_FOR_DISTRIBUTION = YES;
				CODE_SIGN_ENTITLEMENTS = "";
				CODE_SIGN_STYLE = Automatic;
				CURRENT_PROJECT_VERSION = 1;
				DEVELOPMENT_TEAM = "";
				EXCLUDED_ARCHS = arm64;
				GENERATE_INFOPLIST_FILE = YES;
				INFOPLIST_FILE = Instagram/Info.plist;
				INFOPLIST_KEY_UIApplicationSupportsIndirectInputEvents = YES;
				INFOPLIST_KEY_UILaunchStoryboardName = LaunchScreen;
				INFOPLIST_KEY_UIMainStoryboardFile = Main;
				INFOPLIST_KEY_UIStatusBarStyle = "";
				INFOPLIST_KEY_UISupportedInterfaceOrientations_iPad = "UIInterfaceOrientationPortrait UIInterfaceOrientationPortraitUpsideDown UIInterfaceOrientationLandscapeLeft UIInterfaceOrientationLandscapeRight";
				INFOPLIST_KEY_UISupportedInterfaceOrientations_iPhone = "UIInterfaceOrientationPortrait UIInterfaceOrientationLandscapeLeft UIInterfaceOrientationLandscapeRight";
				IPHONEOS_DEPLOYMENT_TARGET = 15.0;
				LD_RUNPATH_SEARCH_PATHS = (
					"$(inherited)",
					"@executable_path/Frameworks",
				);
				MARKETING_VERSION = 1.0;
				ONLY_ACTIVE_ARCH = YES;
				PRODUCT_BUNDLE_IDENTIFIER = SH.Instagram;
				PRODUCT_NAME = "$(TARGET_NAME)";
				SWIFT_EMIT_LOC_STRINGS = YES;
				SWIFT_VERSION = 5.0;
				TARGETED_DEVICE_FAMILY = "1,2";
			};
			name = Debug;
		};
		15A539E628E5F844000A3807 /* Release */ = {
			isa = XCBuildConfiguration;
			baseConfigurationReference = 978147EDC7134A4433C44127 /* Pods-Instagram.release.xcconfig */;
			buildSettings = {
				ASSETCATALOG_COMPILER_APPICON_NAME = AppIcon;
				ASSETCATALOG_COMPILER_GLOBAL_ACCENT_COLOR_NAME = AccentColor;
				BUILD_LIBRARY_FOR_DISTRIBUTION = YES;
				CODE_SIGN_ENTITLEMENTS = "";
				CODE_SIGN_STYLE = Automatic;
				CURRENT_PROJECT_VERSION = 1;
				DEVELOPMENT_TEAM = "";
				EXCLUDED_ARCHS = arm64;
				GENERATE_INFOPLIST_FILE = YES;
				INFOPLIST_FILE = Instagram/Info.plist;
				INFOPLIST_KEY_UIApplicationSupportsIndirectInputEvents = YES;
				INFOPLIST_KEY_UILaunchStoryboardName = LaunchScreen;
				INFOPLIST_KEY_UIMainStoryboardFile = Main;
				INFOPLIST_KEY_UIStatusBarStyle = "";
				INFOPLIST_KEY_UISupportedInterfaceOrientations_iPad = "UIInterfaceOrientationPortrait UIInterfaceOrientationPortraitUpsideDown UIInterfaceOrientationLandscapeLeft UIInterfaceOrientationLandscapeRight";
				INFOPLIST_KEY_UISupportedInterfaceOrientations_iPhone = "UIInterfaceOrientationPortrait UIInterfaceOrientationLandscapeLeft UIInterfaceOrientationLandscapeRight";
				IPHONEOS_DEPLOYMENT_TARGET = 15.0;
				LD_RUNPATH_SEARCH_PATHS = (
					"$(inherited)",
					"@executable_path/Frameworks",
				);
				MARKETING_VERSION = 1.0;
				ONLY_ACTIVE_ARCH = YES;
				PRODUCT_BUNDLE_IDENTIFIER = SH.Instagram;
				PRODUCT_NAME = "$(TARGET_NAME)";
				SWIFT_EMIT_LOC_STRINGS = YES;
				SWIFT_VERSION = 5.0;
				TARGETED_DEVICE_FAMILY = "1,2";
			};
			name = Release;
		};
/* End XCBuildConfiguration section */

/* Begin XCConfigurationList section */
		15A539CB28E5F843000A3807 /* Build configuration list for PBXProject "Instagram" */ = {
			isa = XCConfigurationList;
			buildConfigurations = (
				15A539E228E5F844000A3807 /* Debug */,
				15A539E328E5F844000A3807 /* Release */,
			);
			defaultConfigurationIsVisible = 0;
			defaultConfigurationName = Release;
		};
		15A539E428E5F844000A3807 /* Build configuration list for PBXNativeTarget "Instagram" */ = {
			isa = XCConfigurationList;
			buildConfigurations = (
				15A539E528E5F844000A3807 /* Debug */,
				15A539E628E5F844000A3807 /* Release */,
			);
			defaultConfigurationIsVisible = 0;
			defaultConfigurationName = Release;
		};
/* End XCConfigurationList section */
	};
	rootObject = 15A539C828E5F843000A3807 /* Project object */;
}
