// !$*UTF8*$!
{
	archiveVersion = 1;
	classes = {
	};
	objectVersion = 55;
	objects = {

/* Begin PBXBuildFile section */
		1528A21428C0A18200545320 /* Article.swift in Sources */ = {isa = PBXBuildFile; fileRef = 1528A21328C0A18200545320 /* Article.swift */; };
		1528A21728C0CDDA00545320 /* ArticleViewModel.swift in Sources */ = {isa = PBXBuildFile; fileRef = 1528A21628C0CDDA00545320 /* ArticleViewModel.swift */; };
		1542A21F28BFE4E6000C2C84 /* AppDelegate.swift in Sources */ = {isa = PBXBuildFile; fileRef = 1542A21E28BFE4E6000C2C84 /* AppDelegate.swift */; };
		1542A22128BFE4E6000C2C84 /* SceneDelegate.swift in Sources */ = {isa = PBXBuildFile; fileRef = 1542A22028BFE4E6000C2C84 /* SceneDelegate.swift */; };
		1542A22628BFE4E6000C2C84 /* Main.storyboard in Resources */ = {isa = PBXBuildFile; fileRef = 1542A22428BFE4E6000C2C84 /* Main.storyboard */; };
		1542A22928BFE4E6000C2C84 /* GoodNews.xcdatamodeld in Sources */ = {isa = PBXBuildFile; fileRef = 1542A22728BFE4E6000C2C84 /* GoodNews.xcdatamodeld */; };
		1542A22B28BFE4E7000C2C84 /* Assets.xcassets in Resources */ = {isa = PBXBuildFile; fileRef = 1542A22A28BFE4E7000C2C84 /* Assets.xcassets */; };
		1542A22E28BFE4E7000C2C84 /* LaunchScreen.storyboard in Resources */ = {isa = PBXBuildFile; fileRef = 1542A22C28BFE4E7000C2C84 /* LaunchScreen.storyboard */; };
		1542A23728BFE54F000C2C84 /* NewsListTableViewController.swift in Sources */ = {isa = PBXBuildFile; fileRef = 1542A23628BFE54F000C2C84 /* NewsListTableViewController.swift */; };
		1542A23A28C08D65000C2C84 /* Webservice.swift in Sources */ = {isa = PBXBuildFile; fileRef = 1542A23928C08D65000C2C84 /* Webservice.swift */; };
		BB49D40E2DC603D5C4774C4D /* Pods_GoodNews.framework in Frameworks */ = {isa = PBXBuildFile; fileRef = CB7799B6035C1AACE7FD3F10 /* Pods_GoodNews.framework */; };
/* End PBXBuildFile section */

/* Begin PBXFileReference section */
		06EA7C1B81AE7D6800760CD3 /* Pods-GoodNews.debug.xcconfig */ = {isa = PBXFileReference; includeInIndex = 1; lastKnownFileType = text.xcconfig; name = "Pods-GoodNews.debug.xcconfig"; path = "Target Support Files/Pods-GoodNews/Pods-GoodNews.debug.xcconfig"; sourceTree = "<group>"; };
		1528A21328C0A18200545320 /* Article.swift */ = {isa = PBXFileReference; lastKnownFileType = sourcecode.swift; path = Article.swift; sourceTree = "<group>"; };
		1528A21628C0CDDA00545320 /* ArticleViewModel.swift */ = {isa = PBXFileReference; lastKnownFileType = sourcecode.swift; path = ArticleViewModel.swift; sourceTree = "<group>"; };
		1542A21B28BFE4E6000C2C84 /* GoodNews.app */ = {isa = PBXFileReference; explicitFileType = wrapper.application; includeInIndex = 0; path = GoodNews.app; sourceTree = BUILT_PRODUCTS_DIR; };
		1542A21E28BFE4E6000C2C84 /* AppDelegate.swift */ = {isa = PBXFileReference; lastKnownFileType = sourcecode.swift; path = AppDelegate.swift; sourceTree = "<group>"; };
		1542A22028BFE4E6000C2C84 /* SceneDelegate.swift */ = {isa = PBXFileReference; lastKnownFileType = sourcecode.swift; path = SceneDelegate.swift; sourceTree = "<group>"; };
		1542A22528BFE4E6000C2C84 /* Base */ = {isa = PBXFileReference; lastKnownFileType = file.storyboard; name = Base; path = Base.lproj/Main.storyboard; sourceTree = "<group>"; };
		1542A22828BFE4E6000C2C84 /* GoodNews.xcdatamodel */ = {isa = PBXFileReference; lastKnownFileType = wrapper.xcdatamodel; path = GoodNews.xcdatamodel; sourceTree = "<group>"; };
		1542A22A28BFE4E7000C2C84 /* Assets.xcassets */ = {isa = PBXFileReference; lastKnownFileType = folder.assetcatalog; path = Assets.xcassets; sourceTree = "<group>"; };
		1542A22D28BFE4E7000C2C84 /* Base */ = {isa = PBXFileReference; lastKnownFileType = file.storyboard; name = Base; path = Base.lproj/LaunchScreen.storyboard; sourceTree = "<group>"; };
		1542A22F28BFE4E7000C2C84 /* Info.plist */ = {isa = PBXFileReference; lastKnownFileType = text.plist.xml; path = Info.plist; sourceTree = "<group>"; };
		1542A23628BFE54F000C2C84 /* NewsListTableViewController.swift */ = {isa = PBXFileReference; lastKnownFileType = sourcecode.swift; path = NewsListTableViewController.swift; sourceTree = "<group>"; };
		1542A23928C08D65000C2C84 /* Webservice.swift */ = {isa = PBXFileReference; lastKnownFileType = sourcecode.swift; path = Webservice.swift; sourceTree = "<group>"; };
		A60E9BA443C9DDBF1EFE67BC /* Pods-GoodNews.release.xcconfig */ = {isa = PBXFileReference; includeInIndex = 1; lastKnownFileType = text.xcconfig; name = "Pods-GoodNews.release.xcconfig"; path = "Target Support Files/Pods-GoodNews/Pods-GoodNews.release.xcconfig"; sourceTree = "<group>"; };
		CB7799B6035C1AACE7FD3F10 /* Pods_GoodNews.framework */ = {isa = PBXFileReference; explicitFileType = wrapper.framework; includeInIndex = 0; path = Pods_GoodNews.framework; sourceTree = BUILT_PRODUCTS_DIR; };
/* End PBXFileReference section */

/* Begin PBXFrameworksBuildPhase section */
		1542A21828BFE4E6000C2C84 /* Frameworks */ = {
			isa = PBXFrameworksBuildPhase;
			buildActionMask = 2147483647;
			files = (
				BB49D40E2DC603D5C4774C4D /* Pods_GoodNews.framework in Frameworks */,
			);
			runOnlyForDeploymentPostprocessing = 0;
		};
/* End PBXFrameworksBuildPhase section */

/* Begin PBXGroup section */
		1528A21228C0A17000545320 /* Model */ = {
			isa = PBXGroup;
			children = (
				1528A21328C0A18200545320 /* Article.swift */,
			);
			path = Model;
			sourceTree = "<group>";
		};
		1528A21528C0CDAD00545320 /* ViewModel */ = {
			isa = PBXGroup;
			children = (
				1528A21628C0CDDA00545320 /* ArticleViewModel.swift */,
			);
			path = ViewModel;
			sourceTree = "<group>";
		};
		1542A21228BFE4E6000C2C84 = {
			isa = PBXGroup;
			children = (
				1542A21D28BFE4E6000C2C84 /* GoodNews */,
				1542A21C28BFE4E6000C2C84 /* Products */,
				203E884A5AF2B0BABE82B2D3 /* Pods */,
				C75D6D8A6D3D9414DE5A1558 /* Frameworks */,
			);
			sourceTree = "<group>";
		};
		1542A21C28BFE4E6000C2C84 /* Products */ = {
			isa = PBXGroup;
			children = (
				1542A21B28BFE4E6000C2C84 /* GoodNews.app */,
			);
			name = Products;
			sourceTree = "<group>";
		};
		1542A21D28BFE4E6000C2C84 /* GoodNews */ = {
			isa = PBXGroup;
			children = (
				1528A21528C0CDAD00545320 /* ViewModel */,
				1528A21228C0A17000545320 /* Model */,
				1542A23828C08D46000C2C84 /* Service */,
				1542A23528BFE534000C2C84 /* Controller */,
				1542A21E28BFE4E6000C2C84 /* AppDelegate.swift */,
				1542A22028BFE4E6000C2C84 /* SceneDelegate.swift */,
				1542A22428BFE4E6000C2C84 /* Main.storyboard */,
				1542A22A28BFE4E7000C2C84 /* Assets.xcassets */,
				1542A22C28BFE4E7000C2C84 /* LaunchScreen.storyboard */,
				1542A22F28BFE4E7000C2C84 /* Info.plist */,
				1542A22728BFE4E6000C2C84 /* GoodNews.xcdatamodeld */,
			);
			path = GoodNews;
			sourceTree = "<group>";
		};
		1542A23528BFE534000C2C84 /* Controller */ = {
			isa = PBXGroup;
			children = (
				1542A23628BFE54F000C2C84 /* NewsListTableViewController.swift */,
			);
			path = Controller;
			sourceTree = "<group>";
		};
		1542A23828C08D46000C2C84 /* Service */ = {
			isa = PBXGroup;
			children = (
				1542A23928C08D65000C2C84 /* Webservice.swift */,
			);
			path = Service;
			sourceTree = "<group>";
		};
		203E884A5AF2B0BABE82B2D3 /* Pods */ = {
			isa = PBXGroup;
			children = (
				06EA7C1B81AE7D6800760CD3 /* Pods-GoodNews.debug.xcconfig */,
				A60E9BA443C9DDBF1EFE67BC /* Pods-GoodNews.release.xcconfig */,
			);
			path = Pods;
			sourceTree = "<group>";
		};
		C75D6D8A6D3D9414DE5A1558 /* Frameworks */ = {
			isa = PBXGroup;
			children = (
				CB7799B6035C1AACE7FD3F10 /* Pods_GoodNews.framework */,
			);
			name = Frameworks;
			sourceTree = "<group>";
		};
/* End PBXGroup section */

/* Begin PBXNativeTarget section */
		1542A21A28BFE4E6000C2C84 /* GoodNews */ = {
			isa = PBXNativeTarget;
			buildConfigurationList = 1542A23228BFE4E7000C2C84 /* Build configuration list for PBXNativeTarget "GoodNews" */;
			buildPhases = (
				FEA0003F823829F71A595C1B /* [CP] Check Pods Manifest.lock */,
				1542A21728BFE4E6000C2C84 /* Sources */,
				1542A21828BFE4E6000C2C84 /* Frameworks */,
				1542A21928BFE4E6000C2C84 /* Resources */,
				D49D5C7F772BB9CC91CF483E /* [CP] Embed Pods Frameworks */,
			);
			buildRules = (
			);
			dependencies = (
			);
			name = GoodNews;
			productName = GoodNews;
			productReference = 1542A21B28BFE4E6000C2C84 /* GoodNews.app */;
			productType = "com.apple.product-type.application";
		};
/* End PBXNativeTarget section */

/* Begin PBXProject section */
		1542A21328BFE4E6000C2C84 /* Project object */ = {
			isa = PBXProject;
			attributes = {
				BuildIndependentTargetsInParallel = 1;
				LastSwiftUpdateCheck = 1340;
				LastUpgradeCheck = 1340;
				TargetAttributes = {
					1542A21A28BFE4E6000C2C84 = {
						CreatedOnToolsVersion = 13.4.1;
					};
				};
			};
			buildConfigurationList = 1542A21628BFE4E6000C2C84 /* Build configuration list for PBXProject "GoodNews" */;
			compatibilityVersion = "Xcode 13.0";
			developmentRegion = en;
			hasScannedForEncodings = 0;
			knownRegions = (
				en,
				Base,
			);
			mainGroup = 1542A21228BFE4E6000C2C84;
			productRefGroup = 1542A21C28BFE4E6000C2C84 /* Products */;
			projectDirPath = "";
			projectRoot = "";
			targets = (
				1542A21A28BFE4E6000C2C84 /* GoodNews */,
			);
		};
/* End PBXProject section */

/* Begin PBXResourcesBuildPhase section */
		1542A21928BFE4E6000C2C84 /* Resources */ = {
			isa = PBXResourcesBuildPhase;
			buildActionMask = 2147483647;
			files = (
				1542A22E28BFE4E7000C2C84 /* LaunchScreen.storyboard in Resources */,
				1542A22B28BFE4E7000C2C84 /* Assets.xcassets in Resources */,
				1542A22628BFE4E6000C2C84 /* Main.storyboard in Resources */,
			);
			runOnlyForDeploymentPostprocessing = 0;
		};
/* End PBXResourcesBuildPhase section */

/* Begin PBXShellScriptBuildPhase section */
		D49D5C7F772BB9CC91CF483E /* [CP] Embed Pods Frameworks */ = {
			isa = PBXShellScriptBuildPhase;
			buildActionMask = 2147483647;
			files = (
			);
			inputFileListPaths = (
				"${PODS_ROOT}/Target Support Files/Pods-GoodNews/Pods-GoodNews-frameworks-${CONFIGURATION}-input-files.xcfilelist",
			);
			name = "[CP] Embed Pods Frameworks";
			outputFileListPaths = (
				"${PODS_ROOT}/Target Support Files/Pods-GoodNews/Pods-GoodNews-frameworks-${CONFIGURATION}-output-files.xcfilelist",
			);
			runOnlyForDeploymentPostprocessing = 0;
			shellPath = /bin/sh;
			shellScript = "\"${PODS_ROOT}/Target Support Files/Pods-GoodNews/Pods-GoodNews-frameworks.sh\"\n";
			showEnvVarsInLog = 0;
		};
		FEA0003F823829F71A595C1B /* [CP] Check Pods Manifest.lock */ = {
			isa = PBXShellScriptBuildPhase;
			buildActionMask = 2147483647;
			files = (
			);
			inputFileListPaths = (
			);
			inputPaths = (
				"${PODS_PODFILE_DIR_PATH}/Podfile.lock",
				"${PODS_ROOT}/Manifest.lock",
			);
			name = "[CP] Check Pods Manifest.lock";
			outputFileListPaths = (
			);
			outputPaths = (
				"$(DERIVED_FILE_DIR)/Pods-GoodNews-checkManifestLockResult.txt",
			);
			runOnlyForDeploymentPostprocessing = 0;
			shellPath = /bin/sh;
			shellScript = "diff \"${PODS_PODFILE_DIR_PATH}/Podfile.lock\" \"${PODS_ROOT}/Manifest.lock\" > /dev/null\nif [ $? != 0 ] ; then\n    # print error to STDERR\n    echo \"error: The sandbox is not in sync with the Podfile.lock. Run 'pod install' or update your CocoaPods installation.\" >&2\n    exit 1\nfi\n# This output is used by Xcode 'outputs' to avoid re-running this script phase.\necho \"SUCCESS\" > \"${SCRIPT_OUTPUT_FILE_0}\"\n";
			showEnvVarsInLog = 0;
		};
/* End PBXShellScriptBuildPhase section */

/* Begin PBXSourcesBuildPhase section */
		1542A21728BFE4E6000C2C84 /* Sources */ = {
			isa = PBXSourcesBuildPhase;
			buildActionMask = 2147483647;
			files = (
				1542A23728BFE54F000C2C84 /* NewsListTableViewController.swift in Sources */,
				1542A21F28BFE4E6000C2C84 /* AppDelegate.swift in Sources */,
				1528A21428C0A18200545320 /* Article.swift in Sources */,
				1542A22128BFE4E6000C2C84 /* SceneDelegate.swift in Sources */,
				1542A23A28C08D65000C2C84 /* Webservice.swift in Sources */,
				1528A21728C0CDDA00545320 /* ArticleViewModel.swift in Sources */,
				1542A22928BFE4E6000C2C84 /* GoodNews.xcdatamodeld in Sources */,
			);
			runOnlyForDeploymentPostprocessing = 0;
		};
/* End PBXSourcesBuildPhase section */

/* Begin PBXVariantGroup section */
		1542A22428BFE4E6000C2C84 /* Main.storyboard */ = {
			isa = PBXVariantGroup;
			children = (
				1542A22528BFE4E6000C2C84 /* Base */,
			);
			name = Main.storyboard;
			sourceTree = "<group>";
		};
		1542A22C28BFE4E7000C2C84 /* LaunchScreen.storyboard */ = {
			isa = PBXVariantGroup;
			children = (
				1542A22D28BFE4E7000C2C84 /* Base */,
			);
			name = LaunchScreen.storyboard;
			sourceTree = "<group>";
		};
/* End PBXVariantGroup section */

/* Begin XCBuildConfiguration section */
		1542A23028BFE4E7000C2C84 /* Debug */ = {
			isa = XCBuildConfiguration;
			buildSettings = {
				ALWAYS_SEARCH_USER_PATHS = NO;
				CLANG_ANALYZER_NONNULL = YES;
				CLANG_ANALYZER_NUMBER_OBJECT_CONVERSION = YES_AGGRESSIVE;
				CLANG_CXX_LANGUAGE_STANDARD = "gnu++17";
				CLANG_ENABLE_MODULES = YES;
				CLANG_ENABLE_OBJC_ARC = YES;
				CLANG_ENABLE_OBJC_WEAK = YES;
				CLANG_WARN_BLOCK_CAPTURE_AUTORELEASING = YES;
				CLANG_WARN_BOOL_CONVERSION = YES;
				CLANG_WARN_COMMA = YES;
				CLANG_WARN_CONSTANT_CONVERSION = YES;
				CLANG_WARN_DEPRECATED_OBJC_IMPLEMENTATIONS = YES;
				CLANG_WARN_DIRECT_OBJC_ISA_USAGE = YES_ERROR;
				CLANG_WARN_DOCUMENTATION_COMMENTS = YES;
				CLANG_WARN_EMPTY_BODY = YES;
				CLANG_WARN_ENUM_CONVERSION = YES;
				CLANG_WARN_INFINITE_RECURSION = YES;
				CLANG_WARN_INT_CONVERSION = YES;
				CLANG_WARN_NON_LITERAL_NULL_CONVERSION = YES;
				CLANG_WARN_OBJC_IMPLICIT_RETAIN_SELF = YES;
				CLANG_WARN_OBJC_LITERAL_CONVERSION = YES;
				CLANG_WARN_OBJC_ROOT_CLASS = YES_ERROR;
				CLANG_WARN_QUOTED_INCLUDE_IN_FRAMEWORK_HEADER = YES;
				CLANG_WARN_RANGE_LOOP_ANALYSIS = YES;
				CLANG_WARN_STRICT_PROTOTYPES = YES;
				CLANG_WARN_SUSPICIOUS_MOVE = YES;
				CLANG_WARN_UNGUARDED_AVAILABILITY = YES_AGGRESSIVE;
				CLANG_WARN_UNREACHABLE_CODE = YES;
				CLANG_WARN__DUPLICATE_METHOD_MATCH = YES;
				COPY_PHASE_STRIP = NO;
				DEBUG_INFORMATION_FORMAT = dwarf;
				ENABLE_STRICT_OBJC_MSGSEND = YES;
				ENABLE_TESTABILITY = YES;
				GCC_C_LANGUAGE_STANDARD = gnu11;
				GCC_DYNAMIC_NO_PIC = NO;
				GCC_NO_COMMON_BLOCKS = YES;
				GCC_OPTIMIZATION_LEVEL = 0;
				GCC_PREPROCESSOR_DEFINITIONS = (
					"DEBUG=1",
					"$(inherited)",
				);
				GCC_WARN_64_TO_32_BIT_CONVERSION = YES;
				GCC_WARN_ABOUT_RETURN_TYPE = YES_ERROR;
				GCC_WARN_UNDECLARED_SELECTOR = YES;
				GCC_WARN_UNINITIALIZED_AUTOS = YES_AGGRESSIVE;
				GCC_WARN_UNUSED_FUNCTION = YES;
				GCC_WARN_UNUSED_VARIABLE = YES;
				IPHONEOS_DEPLOYMENT_TARGET = 15.5;
				MTL_ENABLE_DEBUG_INFO = INCLUDE_SOURCE;
				MTL_FAST_MATH = YES;
				ONLY_ACTIVE_ARCH = YES;
				SDKROOT = iphoneos;
				SWIFT_ACTIVE_COMPILATION_CONDITIONS = DEBUG;
				SWIFT_OPTIMIZATION_LEVEL = "-Onone";
			};
			name = Debug;
		};
		1542A23128BFE4E7000C2C84 /* Release */ = {
			isa = XCBuildConfiguration;
			buildSettings = {
				ALWAYS_SEARCH_USER_PATHS = NO;
				CLANG_ANALYZER_NONNULL = YES;
				CLANG_ANALYZER_NUMBER_OBJECT_CONVERSION = YES_AGGRESSIVE;
				CLANG_CXX_LANGUAGE_STANDARD = "gnu++17";
				CLANG_ENABLE_MODULES = YES;
				CLANG_ENABLE_OBJC_ARC = YES;
				CLANG_ENABLE_OBJC_WEAK = YES;
				CLANG_WARN_BLOCK_CAPTURE_AUTORELEASING = YES;
				CLANG_WARN_BOOL_CONVERSION = YES;
				CLANG_WARN_COMMA = YES;
				CLANG_WARN_CONSTANT_CONVERSION = YES;
				CLANG_WARN_DEPRECATED_OBJC_IMPLEMENTATIONS = YES;
				CLANG_WARN_DIRECT_OBJC_ISA_USAGE = YES_ERROR;
				CLANG_WARN_DOCUMENTATION_COMMENTS = YES;
				CLANG_WARN_EMPTY_BODY = YES;
				CLANG_WARN_ENUM_CONVERSION = YES;
				CLANG_WARN_INFINITE_RECURSION = YES;
				CLANG_WARN_INT_CONVERSION = YES;
				CLANG_WARN_NON_LITERAL_NULL_CONVERSION = YES;
				CLANG_WARN_OBJC_IMPLICIT_RETAIN_SELF = YES;
				CLANG_WARN_OBJC_LITERAL_CONVERSION = YES;
				CLANG_WARN_OBJC_ROOT_CLASS = YES_ERROR;
				CLANG_WARN_QUOTED_INCLUDE_IN_FRAMEWORK_HEADER = YES;
				CLANG_WARN_RANGE_LOOP_ANALYSIS = YES;
				CLANG_WARN_STRICT_PROTOTYPES = YES;
				CLANG_WARN_SUSPICIOUS_MOVE = YES;
				CLANG_WARN_UNGUARDED_AVAILABILITY = YES_AGGRESSIVE;
				CLANG_WARN_UNREACHABLE_CODE = YES;
				CLANG_WARN__DUPLICATE_METHOD_MATCH = YES;
				COPY_PHASE_STRIP = NO;
				DEBUG_INFORMATION_FORMAT = "dwarf-with-dsym";
				ENABLE_NS_ASSERTIONS = NO;
				ENABLE_STRICT_OBJC_MSGSEND = YES;
				GCC_C_LANGUAGE_STANDARD = gnu11;
				GCC_NO_COMMON_BLOCKS = YES;
				GCC_WARN_64_TO_32_BIT_CONVERSION = YES;
				GCC_WARN_ABOUT_RETURN_TYPE = YES_ERROR;
				GCC_WARN_UNDECLARED_SELECTOR = YES;
				GCC_WARN_UNINITIALIZED_AUTOS = YES_AGGRESSIVE;
				GCC_WARN_UNUSED_FUNCTION = YES;
				GCC_WARN_UNUSED_VARIABLE = YES;
				IPHONEOS_DEPLOYMENT_TARGET = 15.5;
				MTL_ENABLE_DEBUG_INFO = NO;
				MTL_FAST_MATH = YES;
				SDKROOT = iphoneos;
				SWIFT_COMPILATION_MODE = wholemodule;
				SWIFT_OPTIMIZATION_LEVEL = "-O";
				VALIDATE_PRODUCT = YES;
			};
			name = Release;
		};
		1542A23328BFE4E7000C2C84 /* Debug */ = {
			isa = XCBuildConfiguration;
			baseConfigurationReference = 06EA7C1B81AE7D6800760CD3 /* Pods-GoodNews.debug.xcconfig */;
			buildSettings = {
				ASSETCATALOG_COMPILER_APPICON_NAME = AppIcon;
				ASSETCATALOG_COMPILER_GLOBAL_ACCENT_COLOR_NAME = AccentColor;
				CODE_SIGN_STYLE = Automatic;
				CURRENT_PROJECT_VERSION = 1;
				GENERATE_INFOPLIST_FILE = YES;
				INFOPLIST_FILE = GoodNews/Info.plist;
				INFOPLIST_KEY_UIApplicationSupportsIndirectInputEvents = YES;
				INFOPLIST_KEY_UILaunchStoryboardName = LaunchScreen;
				INFOPLIST_KEY_UIMainStoryboardFile = Main;
				INFOPLIST_KEY_UISupportedInterfaceOrientations_iPad = "UIInterfaceOrientationPortrait UIInterfaceOrientationPortraitUpsideDown UIInterfaceOrientationLandscapeLeft UIInterfaceOrientationLandscapeRight";
				INFOPLIST_KEY_UISupportedInterfaceOrientations_iPhone = "UIInterfaceOrientationPortrait UIInterfaceOrientationLandscapeLeft UIInterfaceOrientationLandscapeRight";
				LD_RUNPATH_SEARCH_PATHS = (
					"$(inherited)",
					"@executable_path/Frameworks",
				);
				MARKETING_VERSION = 1.0;
				PRODUCT_BUNDLE_IDENTIFIER = SH.GoodNews;
				PRODUCT_NAME = "$(TARGET_NAME)";
				SWIFT_EMIT_LOC_STRINGS = YES;
				SWIFT_VERSION = 5.0;
				TARGETED_DEVICE_FAMILY = "1,2";
			};
			name = Debug;
		};
		1542A23428BFE4E7000C2C84 /* Release */ = {
			isa = XCBuildConfiguration;
			baseConfigurationReference = A60E9BA443C9DDBF1EFE67BC /* Pods-GoodNews.release.xcconfig */;
			buildSettings = {
				ASSETCATALOG_COMPILER_APPICON_NAME = AppIcon;
				ASSETCATALOG_COMPILER_GLOBAL_ACCENT_COLOR_NAME = AccentColor;
				CODE_SIGN_STYLE = Automatic;
				CURRENT_PROJECT_VERSION = 1;
				GENERATE_INFOPLIST_FILE = YES;
				INFOPLIST_FILE = GoodNews/Info.plist;
				INFOPLIST_KEY_UIApplicationSupportsIndirectInputEvents = YES;
				INFOPLIST_KEY_UILaunchStoryboardName = LaunchScreen;
				INFOPLIST_KEY_UIMainStoryboardFile = Main;
				INFOPLIST_KEY_UISupportedInterfaceOrientations_iPad = "UIInterfaceOrientationPortrait UIInterfaceOrientationPortraitUpsideDown UIInterfaceOrientationLandscapeLeft UIInterfaceOrientationLandscapeRight";
				INFOPLIST_KEY_UISupportedInterfaceOrientations_iPhone = "UIInterfaceOrientationPortrait UIInterfaceOrientationLandscapeLeft UIInterfaceOrientationLandscapeRight";
				LD_RUNPATH_SEARCH_PATHS = (
					"$(inherited)",
					"@executable_path/Frameworks",
				);
				MARKETING_VERSION = 1.0;
				PRODUCT_BUNDLE_IDENTIFIER = SH.GoodNews;
				PRODUCT_NAME = "$(TARGET_NAME)";
				SWIFT_EMIT_LOC_STRINGS = YES;
				SWIFT_VERSION = 5.0;
				TARGETED_DEVICE_FAMILY = "1,2";
			};
			name = Release;
		};
/* End XCBuildConfiguration section */

/* Begin XCConfigurationList section */
		1542A21628BFE4E6000C2C84 /* Build configuration list for PBXProject "GoodNews" */ = {
			isa = XCConfigurationList;
			buildConfigurations = (
				1542A23028BFE4E7000C2C84 /* Debug */,
				1542A23128BFE4E7000C2C84 /* Release */,
			);
			defaultConfigurationIsVisible = 0;
			defaultConfigurationName = Release;
		};
		1542A23228BFE4E7000C2C84 /* Build configuration list for PBXNativeTarget "GoodNews" */ = {
			isa = XCConfigurationList;
			buildConfigurations = (
				1542A23328BFE4E7000C2C84 /* Debug */,
				1542A23428BFE4E7000C2C84 /* Release */,
			);
			defaultConfigurationIsVisible = 0;
			defaultConfigurationName = Release;
		};
/* End XCConfigurationList section */

/* Begin XCVersionGroup section */
		1542A22728BFE4E6000C2C84 /* GoodNews.xcdatamodeld */ = {
			isa = XCVersionGroup;
			children = (
				1542A22828BFE4E6000C2C84 /* GoodNews.xcdatamodel */,
			);
			currentVersion = 1542A22828BFE4E6000C2C84 /* GoodNews.xcdatamodel */;
			path = GoodNews.xcdatamodeld;
			sourceTree = "<group>";
			versionGroupType = wrapper.xcdatamodel;
		};
/* End XCVersionGroup section */
	};
	rootObject = 1542A21328BFE4E6000C2C84 /* Project object */;
}
