// !$*UTF8*$!
{
	archiveVersion = 1;
	classes = {
	};
	objectVersion = 55;
	objects = {

/* Begin PBXBuildFile section */
		15054F2C28C88CBA00E241DD /* OrderViewModel.swift in Sources */ = {isa = PBXBuildFile; fileRef = 15054F2B28C88CBA00E241DD /* OrderViewModel.swift */; };
		15054F2E28C8986A00E241DD /* AddCoffeeOrderViewModel.swift in Sources */ = {isa = PBXBuildFile; fileRef = 15054F2D28C8986A00E241DD /* AddCoffeeOrderViewModel.swift */; };
		154CA77528C1F7DB009D5E21 /* AddOrderViewController.swift in Sources */ = {isa = PBXBuildFile; fileRef = 154CA77428C1F7DB009D5E21 /* AddOrderViewController.swift */; };
		154CA77828C351EB009D5E21 /* WebService.swift in Sources */ = {isa = PBXBuildFile; fileRef = 154CA77728C351EB009D5E21 /* WebService.swift */; };
		15CB766D28C3655E0057D32B /* Order.swift in Sources */ = {isa = PBXBuildFile; fileRef = 15CB766C28C3655E0057D32B /* Order.swift */; };
		15E103A628C1EBA1009E7A1C /* AppDelegate.swift in Sources */ = {isa = PBXBuildFile; fileRef = 15E103A528C1EBA1009E7A1C /* AppDelegate.swift */; };
		15E103A828C1EBA1009E7A1C /* SceneDelegate.swift in Sources */ = {isa = PBXBuildFile; fileRef = 15E103A728C1EBA1009E7A1C /* SceneDelegate.swift */; };
		15E103AD28C1EBA1009E7A1C /* Main.storyboard in Resources */ = {isa = PBXBuildFile; fileRef = 15E103AB28C1EBA1009E7A1C /* Main.storyboard */; };
		15E103AF28C1EBA1009E7A1C /* Assets.xcassets in Resources */ = {isa = PBXBuildFile; fileRef = 15E103AE28C1EBA1009E7A1C /* Assets.xcassets */; };
		15E103B228C1EBA1009E7A1C /* LaunchScreen.storyboard in Resources */ = {isa = PBXBuildFile; fileRef = 15E103B028C1EBA1009E7A1C /* LaunchScreen.storyboard */; };
		15E103BC28C1F2DC009E7A1C /* OrdersTableViewController.swift in Sources */ = {isa = PBXBuildFile; fileRef = 15E103BB28C1F2DC009E7A1C /* OrdersTableViewController.swift */; };
		A3BCCD31BCF5DC9577E528AF /* Pods_HotCoffee.framework in Frameworks */ = {isa = PBXBuildFile; fileRef = 71CB0E54D68CD985C01E7832 /* Pods_HotCoffee.framework */; };
/* End PBXBuildFile section */

/* Begin PBXFileReference section */
		15054F2B28C88CBA00E241DD /* OrderViewModel.swift */ = {isa = PBXFileReference; lastKnownFileType = sourcecode.swift; path = OrderViewModel.swift; sourceTree = "<group>"; };
		15054F2D28C8986A00E241DD /* AddCoffeeOrderViewModel.swift */ = {isa = PBXFileReference; lastKnownFileType = sourcecode.swift; path = AddCoffeeOrderViewModel.swift; sourceTree = "<group>"; };
		154CA77428C1F7DB009D5E21 /* AddOrderViewController.swift */ = {isa = PBXFileReference; lastKnownFileType = sourcecode.swift; path = AddOrderViewController.swift; sourceTree = "<group>"; };
		154CA77728C351EB009D5E21 /* WebService.swift */ = {isa = PBXFileReference; lastKnownFileType = sourcecode.swift; path = WebService.swift; sourceTree = "<group>"; };
		15CB766C28C3655E0057D32B /* Order.swift */ = {isa = PBXFileReference; lastKnownFileType = sourcecode.swift; path = Order.swift; sourceTree = "<group>"; };
		15E103A228C1EBA1009E7A1C /* HotCoffee.app */ = {isa = PBXFileReference; explicitFileType = wrapper.application; includeInIndex = 0; path = HotCoffee.app; sourceTree = BUILT_PRODUCTS_DIR; };
		15E103A528C1EBA1009E7A1C /* AppDelegate.swift */ = {isa = PBXFileReference; lastKnownFileType = sourcecode.swift; path = AppDelegate.swift; sourceTree = "<group>"; };
		15E103A728C1EBA1009E7A1C /* SceneDelegate.swift */ = {isa = PBXFileReference; lastKnownFileType = sourcecode.swift; path = SceneDelegate.swift; sourceTree = "<group>"; };
		15E103AC28C1EBA1009E7A1C /* Base */ = {isa = PBXFileReference; lastKnownFileType = file.storyboard; name = Base; path = Base.lproj/Main.storyboard; sourceTree = "<group>"; };
		15E103AE28C1EBA1009E7A1C /* Assets.xcassets */ = {isa = PBXFileReference; lastKnownFileType = folder.assetcatalog; path = Assets.xcassets; sourceTree = "<group>"; };
		15E103B128C1EBA1009E7A1C /* Base */ = {isa = PBXFileReference; lastKnownFileType = file.storyboard; name = Base; path = Base.lproj/LaunchScreen.storyboard; sourceTree = "<group>"; };
		15E103B328C1EBA1009E7A1C /* Info.plist */ = {isa = PBXFileReference; lastKnownFileType = text.plist.xml; path = Info.plist; sourceTree = "<group>"; };
		15E103BB28C1F2DC009E7A1C /* OrdersTableViewController.swift */ = {isa = PBXFileReference; lastKnownFileType = sourcecode.swift; path = OrdersTableViewController.swift; sourceTree = "<group>"; };
		71CB0E54D68CD985C01E7832 /* Pods_HotCoffee.framework */ = {isa = PBXFileReference; explicitFileType = wrapper.framework; includeInIndex = 0; path = Pods_HotCoffee.framework; sourceTree = BUILT_PRODUCTS_DIR; };
		87822ED408420DCC6F08FFC2 /* Pods-HotCoffee.debug.xcconfig */ = {isa = PBXFileReference; includeInIndex = 1; lastKnownFileType = text.xcconfig; name = "Pods-HotCoffee.debug.xcconfig"; path = "Target Support Files/Pods-HotCoffee/Pods-HotCoffee.debug.xcconfig"; sourceTree = "<group>"; };
		8D00EC7991C4AC148897D350 /* Pods-HotCoffee.release.xcconfig */ = {isa = PBXFileReference; includeInIndex = 1; lastKnownFileType = text.xcconfig; name = "Pods-HotCoffee.release.xcconfig"; path = "Target Support Files/Pods-HotCoffee/Pods-HotCoffee.release.xcconfig"; sourceTree = "<group>"; };
/* End PBXFileReference section */

/* Begin PBXFrameworksBuildPhase section */
		15E1039F28C1EBA1009E7A1C /* Frameworks */ = {
			isa = PBXFrameworksBuildPhase;
			buildActionMask = 2147483647;
			files = (
				A3BCCD31BCF5DC9577E528AF /* Pods_HotCoffee.framework in Frameworks */,
			);
			runOnlyForDeploymentPostprocessing = 0;
		};
/* End PBXFrameworksBuildPhase section */

/* Begin PBXGroup section */
		15054F2A28C88CA900E241DD /* ViewModel */ = {
			isa = PBXGroup;
			children = (
				15054F2B28C88CBA00E241DD /* OrderViewModel.swift */,
				15054F2D28C8986A00E241DD /* AddCoffeeOrderViewModel.swift */,
			);
			path = ViewModel;
			sourceTree = "<group>";
		};
		154CA77628C350C3009D5E21 /* Service */ = {
			isa = PBXGroup;
			children = (
				154CA77728C351EB009D5E21 /* WebService.swift */,
			);
			path = Service;
			sourceTree = "<group>";
		};
		15CB766B28C365330057D32B /* Model */ = {
			isa = PBXGroup;
			children = (
				15CB766C28C3655E0057D32B /* Order.swift */,
			);
			path = Model;
			sourceTree = "<group>";
		};
		15E1039928C1EBA1009E7A1C = {
			isa = PBXGroup;
			children = (
				15E103A428C1EBA1009E7A1C /* HotCoffee */,
				15E103A328C1EBA1009E7A1C /* Products */,
				2A9F3C4FDA6C23806E88AD94 /* Pods */,
				DE41BB0388A051B56F5FD00B /* Frameworks */,
			);
			sourceTree = "<group>";
		};
		15E103A328C1EBA1009E7A1C /* Products */ = {
			isa = PBXGroup;
			children = (
				15E103A228C1EBA1009E7A1C /* HotCoffee.app */,
			);
			name = Products;
			sourceTree = "<group>";
		};
		15E103A428C1EBA1009E7A1C /* HotCoffee */ = {
			isa = PBXGroup;
			children = (
				15054F2A28C88CA900E241DD /* ViewModel */,
				15CB766B28C365330057D32B /* Model */,
				154CA77628C350C3009D5E21 /* Service */,
				15E103BA28C1F2C2009E7A1C /* Controllers */,
				15E103A528C1EBA1009E7A1C /* AppDelegate.swift */,
				15E103A728C1EBA1009E7A1C /* SceneDelegate.swift */,
				15E103AB28C1EBA1009E7A1C /* Main.storyboard */,
				15E103AE28C1EBA1009E7A1C /* Assets.xcassets */,
				15E103B028C1EBA1009E7A1C /* LaunchScreen.storyboard */,
				15E103B328C1EBA1009E7A1C /* Info.plist */,
			);
			path = HotCoffee;
			sourceTree = "<group>";
		};
		15E103BA28C1F2C2009E7A1C /* Controllers */ = {
			isa = PBXGroup;
			children = (
				15E103BB28C1F2DC009E7A1C /* OrdersTableViewController.swift */,
				154CA77428C1F7DB009D5E21 /* AddOrderViewController.swift */,
			);
			path = Controllers;
			sourceTree = "<group>";
		};
		2A9F3C4FDA6C23806E88AD94 /* Pods */ = {
			isa = PBXGroup;
			children = (
				87822ED408420DCC6F08FFC2 /* Pods-HotCoffee.debug.xcconfig */,
				8D00EC7991C4AC148897D350 /* Pods-HotCoffee.release.xcconfig */,
			);
			path = Pods;
			sourceTree = "<group>";
		};
		DE41BB0388A051B56F5FD00B /* Frameworks */ = {
			isa = PBXGroup;
			children = (
				71CB0E54D68CD985C01E7832 /* Pods_HotCoffee.framework */,
			);
			name = Frameworks;
			sourceTree = "<group>";
		};
/* End PBXGroup section */

/* Begin PBXNativeTarget section */
		15E103A128C1EBA1009E7A1C /* HotCoffee */ = {
			isa = PBXNativeTarget;
			buildConfigurationList = 15E103B628C1EBA1009E7A1C /* Build configuration list for PBXNativeTarget "HotCoffee" */;
			buildPhases = (
				1FBB89C6A26C47BA3C701ED7 /* [CP] Check Pods Manifest.lock */,
				15E1039E28C1EBA1009E7A1C /* Sources */,
				15E1039F28C1EBA1009E7A1C /* Frameworks */,
				15E103A028C1EBA1009E7A1C /* Resources */,
				8452BD7D6601D3FC5DD80D8D /* [CP] Embed Pods Frameworks */,
			);
			buildRules = (
			);
			dependencies = (
			);
			name = HotCoffee;
			productName = HotCoffee;
			productReference = 15E103A228C1EBA1009E7A1C /* HotCoffee.app */;
			productType = "com.apple.product-type.application";
		};
/* End PBXNativeTarget section */

/* Begin PBXProject section */
		15E1039A28C1EBA1009E7A1C /* Project object */ = {
			isa = PBXProject;
			attributes = {
				BuildIndependentTargetsInParallel = 1;
				LastSwiftUpdateCheck = 1340;
				LastUpgradeCheck = 1340;
				TargetAttributes = {
					15E103A128C1EBA1009E7A1C = {
						CreatedOnToolsVersion = 13.4.1;
					};
				};
			};
			buildConfigurationList = 15E1039D28C1EBA1009E7A1C /* Build configuration list for PBXProject "HotCoffee" */;
			compatibilityVersion = "Xcode 13.0";
			developmentRegion = en;
			hasScannedForEncodings = 0;
			knownRegions = (
				en,
				Base,
			);
			mainGroup = 15E1039928C1EBA1009E7A1C;
			productRefGroup = 15E103A328C1EBA1009E7A1C /* Products */;
			projectDirPath = "";
			projectRoot = "";
			targets = (
				15E103A128C1EBA1009E7A1C /* HotCoffee */,
			);
		};
/* End PBXProject section */

/* Begin PBXResourcesBuildPhase section */
		15E103A028C1EBA1009E7A1C /* Resources */ = {
			isa = PBXResourcesBuildPhase;
			buildActionMask = 2147483647;
			files = (
				15E103B228C1EBA1009E7A1C /* LaunchScreen.storyboard in Resources */,
				15E103AF28C1EBA1009E7A1C /* Assets.xcassets in Resources */,
				15E103AD28C1EBA1009E7A1C /* Main.storyboard in Resources */,
			);
			runOnlyForDeploymentPostprocessing = 0;
		};
/* End PBXResourcesBuildPhase section */

/* Begin PBXShellScriptBuildPhase section */
		1FBB89C6A26C47BA3C701ED7 /* [CP] Check Pods Manifest.lock */ = {
			isa = PBXShellScriptBuildPhase;
			buildActionMask = 2147483647;
			files = (
			);
			inputFileListPaths = (
			);
			inputPaths = (
				"${PODS_PODFILE_DIR_PATH}/Podfile.lock",
				"${PODS_ROOT}/Manifest.lock",
			);
			name = "[CP] Check Pods Manifest.lock";
			outputFileListPaths = (
			);
			outputPaths = (
				"$(DERIVED_FILE_DIR)/Pods-HotCoffee-checkManifestLockResult.txt",
			);
			runOnlyForDeploymentPostprocessing = 0;
			shellPath = /bin/sh;
			shellScript = "diff \"${PODS_PODFILE_DIR_PATH}/Podfile.lock\" \"${PODS_ROOT}/Manifest.lock\" > /dev/null\nif [ $? != 0 ] ; then\n    # print error to STDERR\n    echo \"error: The sandbox is not in sync with the Podfile.lock. Run 'pod install' or update your CocoaPods installation.\" >&2\n    exit 1\nfi\n# This output is used by Xcode 'outputs' to avoid re-running this script phase.\necho \"SUCCESS\" > \"${SCRIPT_OUTPUT_FILE_0}\"\n";
			showEnvVarsInLog = 0;
		};
		8452BD7D6601D3FC5DD80D8D /* [CP] Embed Pods Frameworks */ = {
			isa = PBXShellScriptBuildPhase;
			buildActionMask = 2147483647;
			files = (
			);
			inputFileListPaths = (
				"${PODS_ROOT}/Target Support Files/Pods-HotCoffee/Pods-HotCoffee-frameworks-${CONFIGURATION}-input-files.xcfilelist",
			);
			name = "[CP] Embed Pods Frameworks";
			outputFileListPaths = (
				"${PODS_ROOT}/Target Support Files/Pods-HotCoffee/Pods-HotCoffee-frameworks-${CONFIGURATION}-output-files.xcfilelist",
			);
			runOnlyForDeploymentPostprocessing = 0;
			shellPath = /bin/sh;
			shellScript = "\"${PODS_ROOT}/Target Support Files/Pods-HotCoffee/Pods-HotCoffee-frameworks.sh\"\n";
			showEnvVarsInLog = 0;
		};
/* End PBXShellScriptBuildPhase section */

/* Begin PBXSourcesBuildPhase section */
		15E1039E28C1EBA1009E7A1C /* Sources */ = {
			isa = PBXSourcesBuildPhase;
			buildActionMask = 2147483647;
			files = (
				15CB766D28C3655E0057D32B /* Order.swift in Sources */,
				15054F2E28C8986A00E241DD /* AddCoffeeOrderViewModel.swift in Sources */,
				15E103A628C1EBA1009E7A1C /* AppDelegate.swift in Sources */,
				15E103A828C1EBA1009E7A1C /* SceneDelegate.swift in Sources */,
				15E103BC28C1F2DC009E7A1C /* OrdersTableViewController.swift in Sources */,
				154CA77828C351EB009D5E21 /* WebService.swift in Sources */,
				15054F2C28C88CBA00E241DD /* OrderViewModel.swift in Sources */,
				154CA77528C1F7DB009D5E21 /* AddOrderViewController.swift in Sources */,
			);
			runOnlyForDeploymentPostprocessing = 0;
		};
/* End PBXSourcesBuildPhase section */

/* Begin PBXVariantGroup section */
		15E103AB28C1EBA1009E7A1C /* Main.storyboard */ = {
			isa = PBXVariantGroup;
			children = (
				15E103AC28C1EBA1009E7A1C /* Base */,
			);
			name = Main.storyboard;
			sourceTree = "<group>";
		};
		15E103B028C1EBA1009E7A1C /* LaunchScreen.storyboard */ = {
			isa = PBXVariantGroup;
			children = (
				15E103B128C1EBA1009E7A1C /* Base */,
			);
			name = LaunchScreen.storyboard;
			sourceTree = "<group>";
		};
/* End PBXVariantGroup section */

/* Begin XCBuildConfiguration section */
		15E103B428C1EBA1009E7A1C /* Debug */ = {
			isa = XCBuildConfiguration;
			buildSettings = {
				ALWAYS_SEARCH_USER_PATHS = NO;
				CLANG_ANALYZER_NONNULL = YES;
				CLANG_ANALYZER_NUMBER_OBJECT_CONVERSION = YES_AGGRESSIVE;
				CLANG_CXX_LANGUAGE_STANDARD = "gnu++17";
				CLANG_ENABLE_MODULES = YES;
				CLANG_ENABLE_OBJC_ARC = YES;
				CLANG_ENABLE_OBJC_WEAK = YES;
				CLANG_WARN_BLOCK_CAPTURE_AUTORELEASING = YES;
				CLANG_WARN_BOOL_CONVERSION = YES;
				CLANG_WARN_COMMA = YES;
				CLANG_WARN_CONSTANT_CONVERSION = YES;
				CLANG_WARN_DEPRECATED_OBJC_IMPLEMENTATIONS = YES;
				CLANG_WARN_DIRECT_OBJC_ISA_USAGE = YES_ERROR;
				CLANG_WARN_DOCUMENTATION_COMMENTS = YES;
				CLANG_WARN_EMPTY_BODY = YES;
				CLANG_WARN_ENUM_CONVERSION = YES;
				CLANG_WARN_INFINITE_RECURSION = YES;
				CLANG_WARN_INT_CONVERSION = YES;
				CLANG_WARN_NON_LITERAL_NULL_CONVERSION = YES;
				CLANG_WARN_OBJC_IMPLICIT_RETAIN_SELF = YES;
				CLANG_WARN_OBJC_LITERAL_CONVERSION = YES;
				CLANG_WARN_OBJC_ROOT_CLASS = YES_ERROR;
				CLANG_WARN_QUOTED_INCLUDE_IN_FRAMEWORK_HEADER = YES;
				CLANG_WARN_RANGE_LOOP_ANALYSIS = YES;
				CLANG_WARN_STRICT_PROTOTYPES = YES;
				CLANG_WARN_SUSPICIOUS_MOVE = YES;
				CLANG_WARN_UNGUARDED_AVAILABILITY = YES_AGGRESSIVE;
				CLANG_WARN_UNREACHABLE_CODE = YES;
				CLANG_WARN__DUPLICATE_METHOD_MATCH = YES;
				COPY_PHASE_STRIP = NO;
				DEBUG_INFORMATION_FORMAT = dwarf;
				ENABLE_STRICT_OBJC_MSGSEND = YES;
				ENABLE_TESTABILITY = YES;
				GCC_C_LANGUAGE_STANDARD = gnu11;
				GCC_DYNAMIC_NO_PIC = NO;
				GCC_NO_COMMON_BLOCKS = YES;
				GCC_OPTIMIZATION_LEVEL = 0;
				GCC_PREPROCESSOR_DEFINITIONS = (
					"DEBUG=1",
					"$(inherited)",
				);
				GCC_WARN_64_TO_32_BIT_CONVERSION = YES;
				GCC_WARN_ABOUT_RETURN_TYPE = YES_ERROR;
				GCC_WARN_UNDECLARED_SELECTOR = YES;
				GCC_WARN_UNINITIALIZED_AUTOS = YES_AGGRESSIVE;
				GCC_WARN_UNUSED_FUNCTION = YES;
				GCC_WARN_UNUSED_VARIABLE = YES;
				IPHONEOS_DEPLOYMENT_TARGET = 15.5;
				MTL_ENABLE_DEBUG_INFO = INCLUDE_SOURCE;
				MTL_FAST_MATH = YES;
				ONLY_ACTIVE_ARCH = YES;
				SDKROOT = iphoneos;
				SWIFT_ACTIVE_COMPILATION_CONDITIONS = DEBUG;
				SWIFT_OPTIMIZATION_LEVEL = "-Onone";
			};
			name = Debug;
		};
		15E103B528C1EBA1009E7A1C /* Release */ = {
			isa = XCBuildConfiguration;
			buildSettings = {
				ALWAYS_SEARCH_USER_PATHS = NO;
				CLANG_ANALYZER_NONNULL = YES;
				CLANG_ANALYZER_NUMBER_OBJECT_CONVERSION = YES_AGGRESSIVE;
				CLANG_CXX_LANGUAGE_STANDARD = "gnu++17";
				CLANG_ENABLE_MODULES = YES;
				CLANG_ENABLE_OBJC_ARC = YES;
				CLANG_ENABLE_OBJC_WEAK = YES;
				CLANG_WARN_BLOCK_CAPTURE_AUTORELEASING = YES;
				CLANG_WARN_BOOL_CONVERSION = YES;
				CLANG_WARN_COMMA = YES;
				CLANG_WARN_CONSTANT_CONVERSION = YES;
				CLANG_WARN_DEPRECATED_OBJC_IMPLEMENTATIONS = YES;
				CLANG_WARN_DIRECT_OBJC_ISA_USAGE = YES_ERROR;
				CLANG_WARN_DOCUMENTATION_COMMENTS = YES;
				CLANG_WARN_EMPTY_BODY = YES;
				CLANG_WARN_ENUM_CONVERSION = YES;
				CLANG_WARN_INFINITE_RECURSION = YES;
				CLANG_WARN_INT_CONVERSION = YES;
				CLANG_WARN_NON_LITERAL_NULL_CONVERSION = YES;
				CLANG_WARN_OBJC_IMPLICIT_RETAIN_SELF = YES;
				CLANG_WARN_OBJC_LITERAL_CONVERSION = YES;
				CLANG_WARN_OBJC_ROOT_CLASS = YES_ERROR;
				CLANG_WARN_QUOTED_INCLUDE_IN_FRAMEWORK_HEADER = YES;
				CLANG_WARN_RANGE_LOOP_ANALYSIS = YES;
				CLANG_WARN_STRICT_PROTOTYPES = YES;
				CLANG_WARN_SUSPICIOUS_MOVE = YES;
				CLANG_WARN_UNGUARDED_AVAILABILITY = YES_AGGRESSIVE;
				CLANG_WARN_UNREACHABLE_CODE = YES;
				CLANG_WARN__DUPLICATE_METHOD_MATCH = YES;
				COPY_PHASE_STRIP = NO;
				DEBUG_INFORMATION_FORMAT = "dwarf-with-dsym";
				ENABLE_NS_ASSERTIONS = NO;
				ENABLE_STRICT_OBJC_MSGSEND = YES;
				GCC_C_LANGUAGE_STANDARD = gnu11;
				GCC_NO_COMMON_BLOCKS = YES;
				GCC_WARN_64_TO_32_BIT_CONVERSION = YES;
				GCC_WARN_ABOUT_RETURN_TYPE = YES_ERROR;
				GCC_WARN_UNDECLARED_SELECTOR = YES;
				GCC_WARN_UNINITIALIZED_AUTOS = YES_AGGRESSIVE;
				GCC_WARN_UNUSED_FUNCTION = YES;
				GCC_WARN_UNUSED_VARIABLE = YES;
				IPHONEOS_DEPLOYMENT_TARGET = 15.5;
				MTL_ENABLE_DEBUG_INFO = NO;
				MTL_FAST_MATH = YES;
				SDKROOT = iphoneos;
				SWIFT_COMPILATION_MODE = wholemodule;
				SWIFT_OPTIMIZATION_LEVEL = "-O";
				VALIDATE_PRODUCT = YES;
			};
			name = Release;
		};
		15E103B728C1EBA1009E7A1C /* Debug */ = {
			isa = XCBuildConfiguration;
			baseConfigurationReference = 87822ED408420DCC6F08FFC2 /* Pods-HotCoffee.debug.xcconfig */;
			buildSettings = {
				ASSETCATALOG_COMPILER_APPICON_NAME = AppIcon;
				ASSETCATALOG_COMPILER_GLOBAL_ACCENT_COLOR_NAME = AccentColor;
				CODE_SIGN_STYLE = Automatic;
				CURRENT_PROJECT_VERSION = 1;
				GENERATE_INFOPLIST_FILE = YES;
				INFOPLIST_FILE = HotCoffee/Info.plist;
				INFOPLIST_KEY_UIApplicationSupportsIndirectInputEvents = YES;
				INFOPLIST_KEY_UILaunchStoryboardName = LaunchScreen;
				INFOPLIST_KEY_UIMainStoryboardFile = Main;
				INFOPLIST_KEY_UISupportedInterfaceOrientations_iPad = "UIInterfaceOrientationPortrait UIInterfaceOrientationPortraitUpsideDown UIInterfaceOrientationLandscapeLeft UIInterfaceOrientationLandscapeRight";
				INFOPLIST_KEY_UISupportedInterfaceOrientations_iPhone = "UIInterfaceOrientationPortrait UIInterfaceOrientationLandscapeLeft UIInterfaceOrientationLandscapeRight";
				LD_RUNPATH_SEARCH_PATHS = (
					"$(inherited)",
					"@executable_path/Frameworks",
				);
				MARKETING_VERSION = 1.0;
				PRODUCT_BUNDLE_IDENTIFIER = SH.HotCoffee;
				PRODUCT_NAME = "$(TARGET_NAME)";
				SWIFT_EMIT_LOC_STRINGS = YES;
				SWIFT_VERSION = 5.0;
				TARGETED_DEVICE_FAMILY = "1,2";
			};
			name = Debug;
		};
		15E103B828C1EBA1009E7A1C /* Release */ = {
			isa = XCBuildConfiguration;
			baseConfigurationReference = 8D00EC7991C4AC148897D350 /* Pods-HotCoffee.release.xcconfig */;
			buildSettings = {
				ASSETCATALOG_COMPILER_APPICON_NAME = AppIcon;
				ASSETCATALOG_COMPILER_GLOBAL_ACCENT_COLOR_NAME = AccentColor;
				CODE_SIGN_STYLE = Automatic;
				CURRENT_PROJECT_VERSION = 1;
				GENERATE_INFOPLIST_FILE = YES;
				INFOPLIST_FILE = HotCoffee/Info.plist;
				INFOPLIST_KEY_UIApplicationSupportsIndirectInputEvents = YES;
				INFOPLIST_KEY_UILaunchStoryboardName = LaunchScreen;
				INFOPLIST_KEY_UIMainStoryboardFile = Main;
				INFOPLIST_KEY_UISupportedInterfaceOrientations_iPad = "UIInterfaceOrientationPortrait UIInterfaceOrientationPortraitUpsideDown UIInterfaceOrientationLandscapeLeft UIInterfaceOrientationLandscapeRight";
				INFOPLIST_KEY_UISupportedInterfaceOrientations_iPhone = "UIInterfaceOrientationPortrait UIInterfaceOrientationLandscapeLeft UIInterfaceOrientationLandscapeRight";
				LD_RUNPATH_SEARCH_PATHS = (
					"$(inherited)",
					"@executable_path/Frameworks",
				);
				MARKETING_VERSION = 1.0;
				PRODUCT_BUNDLE_IDENTIFIER = SH.HotCoffee;
				PRODUCT_NAME = "$(TARGET_NAME)";
				SWIFT_EMIT_LOC_STRINGS = YES;
				SWIFT_VERSION = 5.0;
				TARGETED_DEVICE_FAMILY = "1,2";
			};
			name = Release;
		};
/* End XCBuildConfiguration section */

/* Begin XCConfigurationList section */
		15E1039D28C1EBA1009E7A1C /* Build configuration list for PBXProject "HotCoffee" */ = {
			isa = XCConfigurationList;
			buildConfigurations = (
				15E103B428C1EBA1009E7A1C /* Debug */,
				15E103B528C1EBA1009E7A1C /* Release */,
			);
			defaultConfigurationIsVisible = 0;
			defaultConfigurationName = Release;
		};
		15E103B628C1EBA1009E7A1C /* Build configuration list for PBXNativeTarget "HotCoffee" */ = {
			isa = XCConfigurationList;
			buildConfigurations = (
				15E103B728C1EBA1009E7A1C /* Debug */,
				15E103B828C1EBA1009E7A1C /* Release */,
			);
			defaultConfigurationIsVisible = 0;
			defaultConfigurationName = Release;
		};
/* End XCConfigurationList section */
	};
	rootObject = 15E1039A28C1EBA1009E7A1C /* Project object */;
}
